// !$*UTF8*$!
{
	archiveVersion = 1;
	classes = {
	};
	objectVersion = 48;
	objects = {

/* Begin PBXBuildFile section */
		A172386548BFA5B7787A876C /* Pods_FilaFacil.framework in Frameworks */ = {isa = PBXBuildFile; fileRef = 968F783760985A1FDB86908E /* Pods_FilaFacil.framework */; };
		DEBC40C020B1E81100870D4C /* Question.swift in Sources */ = {isa = PBXBuildFile; fileRef = DEBC40BF20B1E81100870D4C /* Question.swift */; };
		DEBC40C420B1EC9F00870D4C /* CategoryQuestion.swift in Sources */ = {isa = PBXBuildFile; fileRef = DEBC40C320B1EC9F00870D4C /* CategoryQuestion.swift */; };
		DEDF0FC120AE20470064A247 /* AppDelegate.swift in Sources */ = {isa = PBXBuildFile; fileRef = DEDF0FC020AE20470064A247 /* AppDelegate.swift */; };
		DEDF0FC320AE20470064A247 /* ViewController.swift in Sources */ = {isa = PBXBuildFile; fileRef = DEDF0FC220AE20470064A247 /* ViewController.swift */; };
		DEDF0FC620AE20470064A247 /* FilaFacilTV.xcdatamodeld in Sources */ = {isa = PBXBuildFile; fileRef = DEDF0FC420AE20470064A247 /* FilaFacilTV.xcdatamodeld */; };
		DEDF0FC920AE20470064A247 /* Main.storyboard in Resources */ = {isa = PBXBuildFile; fileRef = DEDF0FC720AE20470064A247 /* Main.storyboard */; };
		DEDF0FCB20AE20470064A247 /* Assets.xcassets in Resources */ = {isa = PBXBuildFile; fileRef = DEDF0FCA20AE20470064A247 /* Assets.xcassets */; };
		DEDF0FE520AE20D10064A247 /* QuestionTableViewCell.swift in Sources */ = {isa = PBXBuildFile; fileRef = DEDF0FE320AE20D00064A247 /* QuestionTableViewCell.swift */; };
		DEDF0FE620AE20D10064A247 /* QuestionService.swift in Sources */ = {isa = PBXBuildFile; fileRef = DEDF0FE420AE20D00064A247 /* QuestionService.swift */; };
		E6022999203FA29E00336FC3 /* AppDelegate.swift in Sources */ = {isa = PBXBuildFile; fileRef = E6022998203FA29E00336FC3 /* AppDelegate.swift */; };
		E60229A0203FA29E00336FC3 /* Assets.xcassets in Resources */ = {isa = PBXBuildFile; fileRef = E602299F203FA29E00336FC3 /* Assets.xcassets */; };
		E60229A3203FA29E00336FC3 /* LaunchScreen.storyboard in Resources */ = {isa = PBXBuildFile; fileRef = E60229A1203FA29E00336FC3 /* LaunchScreen.storyboard */; };
		E60229B2203FC87F00336FC3 /* UserProfile.swift in Sources */ = {isa = PBXBuildFile; fileRef = E60229B1203FC87F00336FC3 /* UserProfile.swift */; };
		E60229B4203FC8B300336FC3 /* QuestionProfile.swift in Sources */ = {isa = PBXBuildFile; fileRef = E60229B3203FC8B300336FC3 /* QuestionProfile.swift */; };
		E60229B8203FC98000336FC3 /* MainListCell.swift in Sources */ = {isa = PBXBuildFile; fileRef = E60229B7203FC98000336FC3 /* MainListCell.swift */; };
		E60229BA203FCB6F00336FC3 /* TabBarView.storyboard in Resources */ = {isa = PBXBuildFile; fileRef = E60229B9203FCB6F00336FC3 /* TabBarView.storyboard */; };
		E60229BC203FCC3E00336FC3 /* LoginView.storyboard in Resources */ = {isa = PBXBuildFile; fileRef = E60229BB203FCC3E00336FC3 /* LoginView.storyboard */; };
		E60229BE203FCC9E00336FC3 /* ProfileView.storyboard in Resources */ = {isa = PBXBuildFile; fileRef = E60229BD203FCC9E00336FC3 /* ProfileView.storyboard */; };
		E60229C2203FCD1500336FC3 /* NewQuestionView.storyboard in Resources */ = {isa = PBXBuildFile; fileRef = E60229C1203FCD1500336FC3 /* NewQuestionView.storyboard */; };
		E60229C4203FCD7D00336FC3 /* QuestionStatusView.storyboard in Resources */ = {isa = PBXBuildFile; fileRef = E60229C3203FCD7D00336FC3 /* QuestionStatusView.storyboard */; };
		E60229C6203FCE4E00336FC3 /* ProfileQuestionStatusView.storyboard in Resources */ = {isa = PBXBuildFile; fileRef = E60229C5203FCE4E00336FC3 /* ProfileQuestionStatusView.storyboard */; };
		E60229C8203FCE6800336FC3 /* LineStatusView.storyboard in Resources */ = {isa = PBXBuildFile; fileRef = E60229C7203FCE6800336FC3 /* LineStatusView.storyboard */; };
		E60229CA203FD01900336FC3 /* LoginViewController.swift in Sources */ = {isa = PBXBuildFile; fileRef = E60229C9203FD01900336FC3 /* LoginViewController.swift */; };
		E60229CE203FD09E00336FC3 /* ProfileViewController.swift in Sources */ = {isa = PBXBuildFile; fileRef = E60229CD203FD09E00336FC3 /* ProfileViewController.swift */; };
		E60229D0203FD11300336FC3 /* LineListViewController.swift in Sources */ = {isa = PBXBuildFile; fileRef = E60229CF203FD11300336FC3 /* LineListViewController.swift */; };
		E60229D2203FD12400336FC3 /* LineListView.storyboard in Resources */ = {isa = PBXBuildFile; fileRef = E60229D1203FD12400336FC3 /* LineListView.storyboard */; };
		E60229D4203FD18200336FC3 /* NewQuestionViewController.swift in Sources */ = {isa = PBXBuildFile; fileRef = E60229D3203FD18200336FC3 /* NewQuestionViewController.swift */; };
		E60229D6203FD19900336FC3 /* QuestionStatusViewController.swift in Sources */ = {isa = PBXBuildFile; fileRef = E60229D5203FD19900336FC3 /* QuestionStatusViewController.swift */; };
		E60229D8203FD1EB00336FC3 /* ProfileQuestionStatusViewController.swift in Sources */ = {isa = PBXBuildFile; fileRef = E60229D7203FD1EB00336FC3 /* ProfileQuestionStatusViewController.swift */; };
		E60229DA203FD20200336FC3 /* LineStatusViewController.swift in Sources */ = {isa = PBXBuildFile; fileRef = E60229D9203FD20200336FC3 /* LineStatusViewController.swift */; };
		E60229DC203FD5AB00336FC3 /* AuthService.swift in Sources */ = {isa = PBXBuildFile; fileRef = E60229DB203FD5AB00336FC3 /* AuthService.swift */; };
		E60229DE20408F0D00336FC3 /* DAO.swift in Sources */ = {isa = PBXBuildFile; fileRef = E60229DD20408F0D00336FC3 /* DAO.swift */; };
		E60229E020408FAD00336FC3 /* AuthDatabaseManager.swift in Sources */ = {isa = PBXBuildFile; fileRef = E60229DF20408FAD00336FC3 /* AuthDatabaseManager.swift */; };
		E60229E22040938300336FC3 /* UserProfileDAO.swift in Sources */ = {isa = PBXBuildFile; fileRef = E60229E12040938300336FC3 /* UserProfileDAO.swift */; };
		E60229E420409C3E00336FC3 /* QuestionProfileDAO.swift in Sources */ = {isa = PBXBuildFile; fileRef = E60229E320409C3E00336FC3 /* QuestionProfileDAO.swift */; };
		E60229E620409E8400336FC3 /* UserProfileService.swift in Sources */ = {isa = PBXBuildFile; fileRef = E60229E520409E8400336FC3 /* UserProfileService.swift */; };
		E60229E82040A03C00336FC3 /* QuestionProfileService.swift in Sources */ = {isa = PBXBuildFile; fileRef = E60229E72040A03C00336FC3 /* QuestionProfileService.swift */; };
		E60229EA2040ACA100336FC3 /* Extensions.swift in Sources */ = {isa = PBXBuildFile; fileRef = E60229E92040ACA100336FC3 /* Extensions.swift */; };
		E604FF522052F26300656DED /* GoogleService-Info.plist in Resources */ = {isa = PBXBuildFile; fileRef = E604FF512052F26300656DED /* GoogleService-Info.plist */; };
		E6D7FB1C205314B600EEC89D /* FilaFacilUITests.swift in Sources */ = {isa = PBXBuildFile; fileRef = E6D7FB1B205314B600EEC89D /* FilaFacilUITests.swift */; };
		E6FC384120B3506400D88578 /* CreateNoteView.storyboard in Resources */ = {isa = PBXBuildFile; fileRef = E6FC384020B3506400D88578 /* CreateNoteView.storyboard */; };
		E6FC384320B3514500D88578 /* CreateNoteViewController.swift in Sources */ = {isa = PBXBuildFile; fileRef = E6FC384220B3514500D88578 /* CreateNoteViewController.swift */; };
		E6FC384520B35DE300D88578 /* NoteCell.swift in Sources */ = {isa = PBXBuildFile; fileRef = E6FC384420B35DE300D88578 /* NoteCell.swift */; };
		E6FC384720B36CFD00D88578 /* NoteProfile.swift in Sources */ = {isa = PBXBuildFile; fileRef = E6FC384620B36CFD00D88578 /* NoteProfile.swift */; };
		E6FC384920B36E0900D88578 /* NoteDAO.swift in Sources */ = {isa = PBXBuildFile; fileRef = E6FC384820B36E0900D88578 /* NoteDAO.swift */; };
		E6FC384B20B36FC600D88578 /* NoteProfileService.swift in Sources */ = {isa = PBXBuildFile; fileRef = E6FC384A20B36FC600D88578 /* NoteProfileService.swift */; };
		FA3DF91820B76CE500D8DA5C /* SF-Pro-Display-Regular.otf in Resources */ = {isa = PBXBuildFile; fileRef = FAB3365C20B331B800D6B61F /* SF-Pro-Display-Regular.otf */; };
		FA626B6320B4BC3D0062E2F2 /* NoteCollectionViewLayout.swift in Sources */ = {isa = PBXBuildFile; fileRef = FA626B6220B4BC3D0062E2F2 /* NoteCollectionViewLayout.swift */; };
		FA8148B620BF2B0500F2FADD /* Extensions.swift in Sources */ = {isa = PBXBuildFile; fileRef = E60229E92040ACA100336FC3 /* Extensions.swift */; };
		FA8148B920BF304700F2FADD /* Formatter.swift in Sources */ = {isa = PBXBuildFile; fileRef = FA8148B820BF304700F2FADD /* Formatter.swift */; };
		FA8148BA20BF318300F2FADD /* Formatter.swift in Sources */ = {isa = PBXBuildFile; fileRef = FA8148B820BF304700F2FADD /* Formatter.swift */; };
		FA8148BC20BF383F00F2FADD /* NewQuestionTableViewCell.swift in Sources */ = {isa = PBXBuildFile; fileRef = FA8148BB20BF383F00F2FADD /* NewQuestionTableViewCell.swift */; };
		FA834E0920B5E90C002F3E32 /* NoteService.swift in Sources */ = {isa = PBXBuildFile; fileRef = FA834E0820B5E90C002F3E32 /* NoteService.swift */; };
		FA834E0B20B5E953002F3E32 /* Note.swift in Sources */ = {isa = PBXBuildFile; fileRef = FA834E0A20B5E953002F3E32 /* Note.swift */; };
		FAB3367720B331BA00D6B61F /* SFCompactDisplay-Heavy.otf in Resources */ = {isa = PBXBuildFile; fileRef = FAB3364120B331B600D6B61F /* SFCompactDisplay-Heavy.otf */; };
		FAB3367820B331BA00D6B61F /* SFCompactText-Medium.otf in Resources */ = {isa = PBXBuildFile; fileRef = FAB3364220B331B600D6B61F /* SFCompactText-Medium.otf */; };
		FAB3367920B331BA00D6B61F /* SFCompactText-SemiboldItalic.otf in Resources */ = {isa = PBXBuildFile; fileRef = FAB3364320B331B600D6B61F /* SFCompactText-SemiboldItalic.otf */; };
		FAB3367A20B331BA00D6B61F /* SFCompactDisplay-Light.otf in Resources */ = {isa = PBXBuildFile; fileRef = FAB3364420B331B600D6B61F /* SFCompactDisplay-Light.otf */; };
		FAB3367B20B331BA00D6B61F /* SFCompactText-Regular.otf in Resources */ = {isa = PBXBuildFile; fileRef = FAB3364520B331B600D6B61F /* SFCompactText-Regular.otf */; };
		FAB3367C20B331BB00D6B61F /* SFCompactText-BoldItalic.otf in Resources */ = {isa = PBXBuildFile; fileRef = FAB3364620B331B600D6B61F /* SFCompactText-BoldItalic.otf */; };
		FAB3367D20B331BB00D6B61F /* SFCompactDisplay-Semibold.otf in Resources */ = {isa = PBXBuildFile; fileRef = FAB3364720B331B600D6B61F /* SFCompactDisplay-Semibold.otf */; };
		FAB3367E20B331BB00D6B61F /* SFCompactDisplay-Medium.otf in Resources */ = {isa = PBXBuildFile; fileRef = FAB3364820B331B600D6B61F /* SFCompactDisplay-Medium.otf */; };
		FAB3367F20B331BB00D6B61F /* SFCompactDisplay-Black.otf in Resources */ = {isa = PBXBuildFile; fileRef = FAB3364920B331B600D6B61F /* SFCompactDisplay-Black.otf */; };
		FAB3368020B331BB00D6B61F /* SFCompactDisplay-Regular.otf in Resources */ = {isa = PBXBuildFile; fileRef = FAB3364A20B331B600D6B61F /* SFCompactDisplay-Regular.otf */; };
		FAB3368120B331BB00D6B61F /* SFCompactText-MediumItalic.otf in Resources */ = {isa = PBXBuildFile; fileRef = FAB3364B20B331B600D6B61F /* SFCompactText-MediumItalic.otf */; };
		FAB3368220B331BB00D6B61F /* SFCompactText-Semibold.otf in Resources */ = {isa = PBXBuildFile; fileRef = FAB3364C20B331B600D6B61F /* SFCompactText-Semibold.otf */; };
		FAB3368320B331BB00D6B61F /* SFCompactText-RegularItalic.otf in Resources */ = {isa = PBXBuildFile; fileRef = FAB3364D20B331B600D6B61F /* SFCompactText-RegularItalic.otf */; };
		FAB3368420B331BB00D6B61F /* SFCompactText-Light.otf in Resources */ = {isa = PBXBuildFile; fileRef = FAB3364E20B331B600D6B61F /* SFCompactText-Light.otf */; };
		FAB3368520B331BB00D6B61F /* SFCompactDisplay-Bold.otf in Resources */ = {isa = PBXBuildFile; fileRef = FAB3364F20B331B600D6B61F /* SFCompactDisplay-Bold.otf */; };
		FAB3368620B331BB00D6B61F /* SFCompactText-Bold.otf in Resources */ = {isa = PBXBuildFile; fileRef = FAB3365020B331B600D6B61F /* SFCompactText-Bold.otf */; };
		FAB3368720B331BB00D6B61F /* SFCompactDisplay-Ultralight.otf in Resources */ = {isa = PBXBuildFile; fileRef = FAB3365120B331B600D6B61F /* SFCompactDisplay-Ultralight.otf */; };
		FAB3368820B331BB00D6B61F /* SFCompactText-Heavy.otf in Resources */ = {isa = PBXBuildFile; fileRef = FAB3365220B331B600D6B61F /* SFCompactText-Heavy.otf */; };
		FAB3368920B331BB00D6B61F /* SFCompactText-HeavyItalic.otf in Resources */ = {isa = PBXBuildFile; fileRef = FAB3365320B331B600D6B61F /* SFCompactText-HeavyItalic.otf */; };
		FAB3368A20B331BB00D6B61F /* SFCompactText-LightItalic.otf in Resources */ = {isa = PBXBuildFile; fileRef = FAB3365420B331B600D6B61F /* SFCompactText-LightItalic.otf */; };
		FAB3368B20B331BB00D6B61F /* SFCompactDisplay-Thin.otf in Resources */ = {isa = PBXBuildFile; fileRef = FAB3365520B331B600D6B61F /* SFCompactDisplay-Thin.otf */; };
		FAB3368C20B331BB00D6B61F /* SF-Pro-Display-Thin.otf in Resources */ = {isa = PBXBuildFile; fileRef = FAB3365720B331B800D6B61F /* SF-Pro-Display-Thin.otf */; };
		FAB3368D20B331BB00D6B61F /* SF-Pro-Display-SemiboldItalic.otf in Resources */ = {isa = PBXBuildFile; fileRef = FAB3365820B331B800D6B61F /* SF-Pro-Display-SemiboldItalic.otf */; };
		FAB3368E20B331BB00D6B61F /* SF-Pro-Text-Heavy.otf in Resources */ = {isa = PBXBuildFile; fileRef = FAB3365920B331B800D6B61F /* SF-Pro-Text-Heavy.otf */; };
		FAB3368F20B331BB00D6B61F /* SF-Pro-Display-RegularItalic.otf in Resources */ = {isa = PBXBuildFile; fileRef = FAB3365A20B331B800D6B61F /* SF-Pro-Display-RegularItalic.otf */; };
		FAB3369020B331BB00D6B61F /* SF-Pro-Display-Light.otf in Resources */ = {isa = PBXBuildFile; fileRef = FAB3365B20B331B800D6B61F /* SF-Pro-Display-Light.otf */; };
		FAB3369120B331BB00D6B61F /* SF-Pro-Display-Regular.otf in Resources */ = {isa = PBXBuildFile; fileRef = FAB3365C20B331B800D6B61F /* SF-Pro-Display-Regular.otf */; };
		FAB3369220B331BB00D6B61F /* SF-Pro-Text-MediumItalic.otf in Resources */ = {isa = PBXBuildFile; fileRef = FAB3365D20B331B800D6B61F /* SF-Pro-Text-MediumItalic.otf */; };
		FAB3369320B331BB00D6B61F /* SF-Pro-Display-Bold.otf in Resources */ = {isa = PBXBuildFile; fileRef = FAB3365E20B331B800D6B61F /* SF-Pro-Display-Bold.otf */; };
		FAB3369420B331BB00D6B61F /* SF-Pro-Display-Medium.otf in Resources */ = {isa = PBXBuildFile; fileRef = FAB3365F20B331B800D6B61F /* SF-Pro-Display-Medium.otf */; };
		FAB3369520B331BB00D6B61F /* SF-Pro-Display-Heavy.otf in Resources */ = {isa = PBXBuildFile; fileRef = FAB3366020B331B800D6B61F /* SF-Pro-Display-Heavy.otf */; };
		FAB3369620B331BB00D6B61F /* SF-Pro-Text-Light.otf in Resources */ = {isa = PBXBuildFile; fileRef = FAB3366120B331B800D6B61F /* SF-Pro-Text-Light.otf */; };
		FAB3369720B331BB00D6B61F /* SF-Pro-Display-Semibold.otf in Resources */ = {isa = PBXBuildFile; fileRef = FAB3366220B331B800D6B61F /* SF-Pro-Display-Semibold.otf */; };
		FAB3369820B331BB00D6B61F /* SF-Pro-Text-Regular.otf in Resources */ = {isa = PBXBuildFile; fileRef = FAB3366320B331B800D6B61F /* SF-Pro-Text-Regular.otf */; };
		FAB3369920B331BB00D6B61F /* SF-Pro-Text-Bold.otf in Resources */ = {isa = PBXBuildFile; fileRef = FAB3366420B331B800D6B61F /* SF-Pro-Text-Bold.otf */; };
		FAB3369A20B331BB00D6B61F /* SF-Pro-Display-MediumItalic.otf in Resources */ = {isa = PBXBuildFile; fileRef = FAB3366520B331B800D6B61F /* SF-Pro-Display-MediumItalic.otf */; };
		FAB3369B20B331BB00D6B61F /* SF-Pro-Display-HeavyItalic.otf in Resources */ = {isa = PBXBuildFile; fileRef = FAB3366620B331B800D6B61F /* SF-Pro-Display-HeavyItalic.otf */; };
		FAB3369C20B331BB00D6B61F /* SF-Pro-Display-Ultralight.otf in Resources */ = {isa = PBXBuildFile; fileRef = FAB3366720B331B800D6B61F /* SF-Pro-Display-Ultralight.otf */; };
		FAB3369D20B331BB00D6B61F /* SF-Pro-Display-UltralightItalic.otf in Resources */ = {isa = PBXBuildFile; fileRef = FAB3366820B331B800D6B61F /* SF-Pro-Display-UltralightItalic.otf */; };
		FAB3369E20B331BB00D6B61F /* SF-Pro-Display-LightItalic.otf in Resources */ = {isa = PBXBuildFile; fileRef = FAB3366920B331B800D6B61F /* SF-Pro-Display-LightItalic.otf */; };
		FAB3369F20B331BB00D6B61F /* SF-Pro-Display-BlackItalic.otf in Resources */ = {isa = PBXBuildFile; fileRef = FAB3366A20B331B800D6B61F /* SF-Pro-Display-BlackItalic.otf */; };
		FAB336A020B331BB00D6B61F /* SF-Pro-Display-Black.otf in Resources */ = {isa = PBXBuildFile; fileRef = FAB3366B20B331B800D6B61F /* SF-Pro-Display-Black.otf */; };
		FAB336A120B331BB00D6B61F /* SF-Pro-Text-BoldItalic.otf in Resources */ = {isa = PBXBuildFile; fileRef = FAB3366C20B331B800D6B61F /* SF-Pro-Text-BoldItalic.otf */; };
		FAB336A220B331BB00D6B61F /* SF-Pro-Text-RegularItalic.otf in Resources */ = {isa = PBXBuildFile; fileRef = FAB3366D20B331B800D6B61F /* SF-Pro-Text-RegularItalic.otf */; };
		FAB336A320B331BB00D6B61F /* SF-Pro-Text-Semibold.otf in Resources */ = {isa = PBXBuildFile; fileRef = FAB3366E20B331B800D6B61F /* SF-Pro-Text-Semibold.otf */; };
		FAB336A420B331BB00D6B61F /* SF-Pro-Text-HeavyItalic.otf in Resources */ = {isa = PBXBuildFile; fileRef = FAB3366F20B331B800D6B61F /* SF-Pro-Text-HeavyItalic.otf */; };
		FAB336A520B331BB00D6B61F /* SF-Pro-Display-ThinItalic.otf in Resources */ = {isa = PBXBuildFile; fileRef = FAB3367020B331B800D6B61F /* SF-Pro-Display-ThinItalic.otf */; };
		FAB336A620B331BB00D6B61F /* SF-Pro-Text-LightItalic.otf in Resources */ = {isa = PBXBuildFile; fileRef = FAB3367120B331B800D6B61F /* SF-Pro-Text-LightItalic.otf */; };
		FAB336A720B331BB00D6B61F /* SF-Pro-Text-Medium.otf in Resources */ = {isa = PBXBuildFile; fileRef = FAB3367220B331B800D6B61F /* SF-Pro-Text-Medium.otf */; };
		FAB336A820B331BB00D6B61F /* SF-Pro-Display-BoldItalic.otf in Resources */ = {isa = PBXBuildFile; fileRef = FAB3367320B331B800D6B61F /* SF-Pro-Display-BoldItalic.otf */; };
		FAB336A920B331BB00D6B61F /* SF-Pro-Text-SemiboldItalic.otf in Resources */ = {isa = PBXBuildFile; fileRef = FAB3367420B331B800D6B61F /* SF-Pro-Text-SemiboldItalic.otf */; };
		FAB336AA20B331BB00D6B61F /* SF Pro Font License.rtf in Resources */ = {isa = PBXBuildFile; fileRef = FAB3367520B331B900D6B61F /* SF Pro Font License.rtf */; };
		FAB336AB20B331BB00D6B61F /* SF Compact Font License.rtf in Resources */ = {isa = PBXBuildFile; fileRef = FAB3367620B331BA00D6B61F /* SF Compact Font License.rtf */; };
		FAB336AF20B374A200D6B61F /* NoteViewCell.swift in Sources */ = {isa = PBXBuildFile; fileRef = FAB336AE20B374A200D6B61F /* NoteViewCell.swift */; };
		FABAB6F720CAFBD800E46E3E /* LineCell.swift in Sources */ = {isa = PBXBuildFile; fileRef = FABAB6F620CAFBD800E46E3E /* LineCell.swift */; };
/* End PBXBuildFile section */

/* Begin PBXContainerItemProxy section */
		E6D7FB1E205314B600EEC89D /* PBXContainerItemProxy */ = {
			isa = PBXContainerItemProxy;
			containerPortal = E602298D203FA29E00336FC3 /* Project object */;
			proxyType = 1;
			remoteGlobalIDString = E6022994203FA29E00336FC3;
			remoteInfo = FilaFacil;
		};
/* End PBXContainerItemProxy section */

/* Begin PBXFileReference section */
		82ED1182B387CED3B8F44AE3 /* Pods-FilaFacil.debug.xcconfig */ = {isa = PBXFileReference; includeInIndex = 1; lastKnownFileType = text.xcconfig; name = "Pods-FilaFacil.debug.xcconfig"; path = "Pods/Target Support Files/Pods-FilaFacil/Pods-FilaFacil.debug.xcconfig"; sourceTree = "<group>"; };
		968F783760985A1FDB86908E /* Pods_FilaFacil.framework */ = {isa = PBXFileReference; explicitFileType = wrapper.framework; includeInIndex = 0; path = Pods_FilaFacil.framework; sourceTree = BUILT_PRODUCTS_DIR; };
		DEBC40BF20B1E81100870D4C /* Question.swift */ = {isa = PBXFileReference; lastKnownFileType = sourcecode.swift; path = Question.swift; sourceTree = "<group>"; };
		DEBC40C320B1EC9F00870D4C /* CategoryQuestion.swift */ = {isa = PBXFileReference; lastKnownFileType = sourcecode.swift; path = CategoryQuestion.swift; sourceTree = "<group>"; };
		DEDF0FBE20AE20470064A247 /* FilaFacilTV.app */ = {isa = PBXFileReference; explicitFileType = wrapper.application; includeInIndex = 0; path = FilaFacilTV.app; sourceTree = BUILT_PRODUCTS_DIR; };
		DEDF0FC020AE20470064A247 /* AppDelegate.swift */ = {isa = PBXFileReference; lastKnownFileType = sourcecode.swift; path = AppDelegate.swift; sourceTree = "<group>"; };
		DEDF0FC220AE20470064A247 /* ViewController.swift */ = {isa = PBXFileReference; lastKnownFileType = sourcecode.swift; path = ViewController.swift; sourceTree = "<group>"; };
		DEDF0FC520AE20470064A247 /* FilaFacilTV.xcdatamodel */ = {isa = PBXFileReference; lastKnownFileType = wrapper.xcdatamodel; path = FilaFacilTV.xcdatamodel; sourceTree = "<group>"; };
		DEDF0FC820AE20470064A247 /* Base */ = {isa = PBXFileReference; lastKnownFileType = file.storyboard; name = Base; path = Base.lproj/Main.storyboard; sourceTree = "<group>"; };
		DEDF0FCA20AE20470064A247 /* Assets.xcassets */ = {isa = PBXFileReference; lastKnownFileType = folder.assetcatalog; path = Assets.xcassets; sourceTree = "<group>"; };
		DEDF0FCC20AE20470064A247 /* Info.plist */ = {isa = PBXFileReference; lastKnownFileType = text.plist.xml; path = Info.plist; sourceTree = "<group>"; };
		DEDF0FE320AE20D00064A247 /* QuestionTableViewCell.swift */ = {isa = PBXFileReference; fileEncoding = 4; lastKnownFileType = sourcecode.swift; path = QuestionTableViewCell.swift; sourceTree = "<group>"; };
		DEDF0FE420AE20D00064A247 /* QuestionService.swift */ = {isa = PBXFileReference; fileEncoding = 4; lastKnownFileType = sourcecode.swift; path = QuestionService.swift; sourceTree = "<group>"; };
		E6022995203FA29E00336FC3 /* FilaFacil.app */ = {isa = PBXFileReference; explicitFileType = wrapper.application; includeInIndex = 0; path = FilaFacil.app; sourceTree = BUILT_PRODUCTS_DIR; };
		E6022998203FA29E00336FC3 /* AppDelegate.swift */ = {isa = PBXFileReference; lastKnownFileType = sourcecode.swift; path = AppDelegate.swift; sourceTree = "<group>"; };
		E602299F203FA29E00336FC3 /* Assets.xcassets */ = {isa = PBXFileReference; lastKnownFileType = folder.assetcatalog; path = Assets.xcassets; sourceTree = "<group>"; };
		E60229A2203FA29E00336FC3 /* Base */ = {isa = PBXFileReference; lastKnownFileType = file.storyboard; name = Base; path = Base.lproj/LaunchScreen.storyboard; sourceTree = "<group>"; };
		E60229A4203FA29E00336FC3 /* Info.plist */ = {isa = PBXFileReference; lastKnownFileType = text.plist.xml; path = Info.plist; sourceTree = "<group>"; };
		E60229B1203FC87F00336FC3 /* UserProfile.swift */ = {isa = PBXFileReference; lastKnownFileType = sourcecode.swift; path = UserProfile.swift; sourceTree = "<group>"; };
		E60229B3203FC8B300336FC3 /* QuestionProfile.swift */ = {isa = PBXFileReference; lastKnownFileType = sourcecode.swift; path = QuestionProfile.swift; sourceTree = "<group>"; };
		E60229B7203FC98000336FC3 /* MainListCell.swift */ = {isa = PBXFileReference; lastKnownFileType = sourcecode.swift; path = MainListCell.swift; sourceTree = "<group>"; };
		E60229B9203FCB6F00336FC3 /* TabBarView.storyboard */ = {isa = PBXFileReference; lastKnownFileType = file.storyboard; path = TabBarView.storyboard; sourceTree = "<group>"; };
		E60229BB203FCC3E00336FC3 /* LoginView.storyboard */ = {isa = PBXFileReference; lastKnownFileType = file.storyboard; path = LoginView.storyboard; sourceTree = "<group>"; };
		E60229BD203FCC9E00336FC3 /* ProfileView.storyboard */ = {isa = PBXFileReference; lastKnownFileType = file.storyboard; path = ProfileView.storyboard; sourceTree = "<group>"; };
		E60229C1203FCD1500336FC3 /* NewQuestionView.storyboard */ = {isa = PBXFileReference; lastKnownFileType = file.storyboard; path = NewQuestionView.storyboard; sourceTree = "<group>"; };
		E60229C3203FCD7D00336FC3 /* QuestionStatusView.storyboard */ = {isa = PBXFileReference; lastKnownFileType = file.storyboard; path = QuestionStatusView.storyboard; sourceTree = "<group>"; };
		E60229C5203FCE4E00336FC3 /* ProfileQuestionStatusView.storyboard */ = {isa = PBXFileReference; lastKnownFileType = file.storyboard; path = ProfileQuestionStatusView.storyboard; sourceTree = "<group>"; };
		E60229C7203FCE6800336FC3 /* LineStatusView.storyboard */ = {isa = PBXFileReference; lastKnownFileType = file.storyboard; path = LineStatusView.storyboard; sourceTree = "<group>"; };
		E60229C9203FD01900336FC3 /* LoginViewController.swift */ = {isa = PBXFileReference; lastKnownFileType = sourcecode.swift; path = LoginViewController.swift; sourceTree = "<group>"; };
		E60229CD203FD09E00336FC3 /* ProfileViewController.swift */ = {isa = PBXFileReference; lastKnownFileType = sourcecode.swift; path = ProfileViewController.swift; sourceTree = "<group>"; };
		E60229CF203FD11300336FC3 /* LineListViewController.swift */ = {isa = PBXFileReference; lastKnownFileType = sourcecode.swift; path = LineListViewController.swift; sourceTree = "<group>"; };
		E60229D1203FD12400336FC3 /* LineListView.storyboard */ = {isa = PBXFileReference; lastKnownFileType = file.storyboard; path = LineListView.storyboard; sourceTree = "<group>"; };
		E60229D3203FD18200336FC3 /* NewQuestionViewController.swift */ = {isa = PBXFileReference; lastKnownFileType = sourcecode.swift; path = NewQuestionViewController.swift; sourceTree = "<group>"; };
		E60229D5203FD19900336FC3 /* QuestionStatusViewController.swift */ = {isa = PBXFileReference; lastKnownFileType = sourcecode.swift; path = QuestionStatusViewController.swift; sourceTree = "<group>"; };
		E60229D7203FD1EB00336FC3 /* ProfileQuestionStatusViewController.swift */ = {isa = PBXFileReference; lastKnownFileType = sourcecode.swift; path = ProfileQuestionStatusViewController.swift; sourceTree = "<group>"; };
		E60229D9203FD20200336FC3 /* LineStatusViewController.swift */ = {isa = PBXFileReference; lastKnownFileType = sourcecode.swift; path = LineStatusViewController.swift; sourceTree = "<group>"; };
		E60229DB203FD5AB00336FC3 /* AuthService.swift */ = {isa = PBXFileReference; lastKnownFileType = sourcecode.swift; path = AuthService.swift; sourceTree = "<group>"; };
		E60229DD20408F0D00336FC3 /* DAO.swift */ = {isa = PBXFileReference; lastKnownFileType = sourcecode.swift; path = DAO.swift; sourceTree = "<group>"; };
		E60229DF20408FAD00336FC3 /* AuthDatabaseManager.swift */ = {isa = PBXFileReference; lastKnownFileType = sourcecode.swift; path = AuthDatabaseManager.swift; sourceTree = "<group>"; };
		E60229E12040938300336FC3 /* UserProfileDAO.swift */ = {isa = PBXFileReference; lastKnownFileType = sourcecode.swift; path = UserProfileDAO.swift; sourceTree = "<group>"; };
		E60229E320409C3E00336FC3 /* QuestionProfileDAO.swift */ = {isa = PBXFileReference; lastKnownFileType = sourcecode.swift; path = QuestionProfileDAO.swift; sourceTree = "<group>"; };
		E60229E520409E8400336FC3 /* UserProfileService.swift */ = {isa = PBXFileReference; lastKnownFileType = sourcecode.swift; path = UserProfileService.swift; sourceTree = "<group>"; };
		E60229E72040A03C00336FC3 /* QuestionProfileService.swift */ = {isa = PBXFileReference; lastKnownFileType = sourcecode.swift; path = QuestionProfileService.swift; sourceTree = "<group>"; };
		E60229E92040ACA100336FC3 /* Extensions.swift */ = {isa = PBXFileReference; lastKnownFileType = sourcecode.swift; path = Extensions.swift; sourceTree = "<group>"; };
		E60367DA204DE65A0064A8EC /* FilaFacil.entitlements */ = {isa = PBXFileReference; lastKnownFileType = text.plist.entitlements; path = FilaFacil.entitlements; sourceTree = "<group>"; };
		E604FF512052F26300656DED /* GoogleService-Info.plist */ = {isa = PBXFileReference; fileEncoding = 4; lastKnownFileType = text.plist.xml; path = "GoogleService-Info.plist"; sourceTree = "<group>"; };
		E6D7FB19205314B600EEC89D /* FilaFacilUITests.xctest */ = {isa = PBXFileReference; explicitFileType = wrapper.cfbundle; includeInIndex = 0; path = FilaFacilUITests.xctest; sourceTree = BUILT_PRODUCTS_DIR; };
		E6D7FB1B205314B600EEC89D /* FilaFacilUITests.swift */ = {isa = PBXFileReference; lastKnownFileType = sourcecode.swift; path = FilaFacilUITests.swift; sourceTree = "<group>"; };
		E6D7FB1D205314B600EEC89D /* Info.plist */ = {isa = PBXFileReference; lastKnownFileType = text.plist.xml; path = Info.plist; sourceTree = "<group>"; };
		E6FC384020B3506400D88578 /* CreateNoteView.storyboard */ = {isa = PBXFileReference; lastKnownFileType = file.storyboard; path = CreateNoteView.storyboard; sourceTree = "<group>"; };
		E6FC384220B3514500D88578 /* CreateNoteViewController.swift */ = {isa = PBXFileReference; lastKnownFileType = sourcecode.swift; path = CreateNoteViewController.swift; sourceTree = "<group>"; };
		E6FC384420B35DE300D88578 /* NoteCell.swift */ = {isa = PBXFileReference; lastKnownFileType = sourcecode.swift; path = NoteCell.swift; sourceTree = "<group>"; };
		E6FC384620B36CFD00D88578 /* NoteProfile.swift */ = {isa = PBXFileReference; lastKnownFileType = sourcecode.swift; path = NoteProfile.swift; sourceTree = "<group>"; };
		E6FC384820B36E0900D88578 /* NoteDAO.swift */ = {isa = PBXFileReference; lastKnownFileType = sourcecode.swift; path = NoteDAO.swift; sourceTree = "<group>"; };
		E6FC384A20B36FC600D88578 /* NoteProfileService.swift */ = {isa = PBXFileReference; lastKnownFileType = sourcecode.swift; path = NoteProfileService.swift; sourceTree = "<group>"; };
		EC17BD52135241410AEAA245 /* Pods-FilaFacil.release.xcconfig */ = {isa = PBXFileReference; includeInIndex = 1; lastKnownFileType = text.xcconfig; name = "Pods-FilaFacil.release.xcconfig"; path = "Pods/Target Support Files/Pods-FilaFacil/Pods-FilaFacil.release.xcconfig"; sourceTree = "<group>"; };
		FA626B6220B4BC3D0062E2F2 /* NoteCollectionViewLayout.swift */ = {isa = PBXFileReference; lastKnownFileType = sourcecode.swift; path = NoteCollectionViewLayout.swift; sourceTree = "<group>"; };
		FA8148B820BF304700F2FADD /* Formatter.swift */ = {isa = PBXFileReference; lastKnownFileType = sourcecode.swift; path = Formatter.swift; sourceTree = "<group>"; };
		FA8148BB20BF383F00F2FADD /* NewQuestionTableViewCell.swift */ = {isa = PBXFileReference; lastKnownFileType = sourcecode.swift; path = NewQuestionTableViewCell.swift; sourceTree = "<group>"; };
		FA834E0820B5E90C002F3E32 /* NoteService.swift */ = {isa = PBXFileReference; lastKnownFileType = sourcecode.swift; path = NoteService.swift; sourceTree = "<group>"; };
		FA834E0A20B5E953002F3E32 /* Note.swift */ = {isa = PBXFileReference; lastKnownFileType = sourcecode.swift; path = Note.swift; sourceTree = "<group>"; };
		FAB3364120B331B600D6B61F /* SFCompactDisplay-Heavy.otf */ = {isa = PBXFileReference; lastKnownFileType = file; path = "SFCompactDisplay-Heavy.otf"; sourceTree = "<group>"; };
		FAB3364220B331B600D6B61F /* SFCompactText-Medium.otf */ = {isa = PBXFileReference; lastKnownFileType = file; path = "SFCompactText-Medium.otf"; sourceTree = "<group>"; };
		FAB3364320B331B600D6B61F /* SFCompactText-SemiboldItalic.otf */ = {isa = PBXFileReference; lastKnownFileType = file; path = "SFCompactText-SemiboldItalic.otf"; sourceTree = "<group>"; };
		FAB3364420B331B600D6B61F /* SFCompactDisplay-Light.otf */ = {isa = PBXFileReference; lastKnownFileType = file; path = "SFCompactDisplay-Light.otf"; sourceTree = "<group>"; };
		FAB3364520B331B600D6B61F /* SFCompactText-Regular.otf */ = {isa = PBXFileReference; lastKnownFileType = file; path = "SFCompactText-Regular.otf"; sourceTree = "<group>"; };
		FAB3364620B331B600D6B61F /* SFCompactText-BoldItalic.otf */ = {isa = PBXFileReference; lastKnownFileType = file; path = "SFCompactText-BoldItalic.otf"; sourceTree = "<group>"; };
		FAB3364720B331B600D6B61F /* SFCompactDisplay-Semibold.otf */ = {isa = PBXFileReference; lastKnownFileType = file; path = "SFCompactDisplay-Semibold.otf"; sourceTree = "<group>"; };
		FAB3364820B331B600D6B61F /* SFCompactDisplay-Medium.otf */ = {isa = PBXFileReference; lastKnownFileType = file; path = "SFCompactDisplay-Medium.otf"; sourceTree = "<group>"; };
		FAB3364920B331B600D6B61F /* SFCompactDisplay-Black.otf */ = {isa = PBXFileReference; lastKnownFileType = file; path = "SFCompactDisplay-Black.otf"; sourceTree = "<group>"; };
		FAB3364A20B331B600D6B61F /* SFCompactDisplay-Regular.otf */ = {isa = PBXFileReference; lastKnownFileType = file; path = "SFCompactDisplay-Regular.otf"; sourceTree = "<group>"; };
		FAB3364B20B331B600D6B61F /* SFCompactText-MediumItalic.otf */ = {isa = PBXFileReference; lastKnownFileType = file; path = "SFCompactText-MediumItalic.otf"; sourceTree = "<group>"; };
		FAB3364C20B331B600D6B61F /* SFCompactText-Semibold.otf */ = {isa = PBXFileReference; lastKnownFileType = file; path = "SFCompactText-Semibold.otf"; sourceTree = "<group>"; };
		FAB3364D20B331B600D6B61F /* SFCompactText-RegularItalic.otf */ = {isa = PBXFileReference; lastKnownFileType = file; path = "SFCompactText-RegularItalic.otf"; sourceTree = "<group>"; };
		FAB3364E20B331B600D6B61F /* SFCompactText-Light.otf */ = {isa = PBXFileReference; lastKnownFileType = file; path = "SFCompactText-Light.otf"; sourceTree = "<group>"; };
		FAB3364F20B331B600D6B61F /* SFCompactDisplay-Bold.otf */ = {isa = PBXFileReference; lastKnownFileType = file; path = "SFCompactDisplay-Bold.otf"; sourceTree = "<group>"; };
		FAB3365020B331B600D6B61F /* SFCompactText-Bold.otf */ = {isa = PBXFileReference; lastKnownFileType = file; path = "SFCompactText-Bold.otf"; sourceTree = "<group>"; };
		FAB3365120B331B600D6B61F /* SFCompactDisplay-Ultralight.otf */ = {isa = PBXFileReference; lastKnownFileType = file; path = "SFCompactDisplay-Ultralight.otf"; sourceTree = "<group>"; };
		FAB3365220B331B600D6B61F /* SFCompactText-Heavy.otf */ = {isa = PBXFileReference; lastKnownFileType = file; path = "SFCompactText-Heavy.otf"; sourceTree = "<group>"; };
		FAB3365320B331B600D6B61F /* SFCompactText-HeavyItalic.otf */ = {isa = PBXFileReference; lastKnownFileType = file; path = "SFCompactText-HeavyItalic.otf"; sourceTree = "<group>"; };
		FAB3365420B331B600D6B61F /* SFCompactText-LightItalic.otf */ = {isa = PBXFileReference; lastKnownFileType = file; path = "SFCompactText-LightItalic.otf"; sourceTree = "<group>"; };
		FAB3365520B331B600D6B61F /* SFCompactDisplay-Thin.otf */ = {isa = PBXFileReference; lastKnownFileType = file; path = "SFCompactDisplay-Thin.otf"; sourceTree = "<group>"; };
		FAB3365720B331B800D6B61F /* SF-Pro-Display-Thin.otf */ = {isa = PBXFileReference; lastKnownFileType = file; path = "SF-Pro-Display-Thin.otf"; sourceTree = "<group>"; };
		FAB3365820B331B800D6B61F /* SF-Pro-Display-SemiboldItalic.otf */ = {isa = PBXFileReference; lastKnownFileType = file; path = "SF-Pro-Display-SemiboldItalic.otf"; sourceTree = "<group>"; };
		FAB3365920B331B800D6B61F /* SF-Pro-Text-Heavy.otf */ = {isa = PBXFileReference; lastKnownFileType = file; path = "SF-Pro-Text-Heavy.otf"; sourceTree = "<group>"; };
		FAB3365A20B331B800D6B61F /* SF-Pro-Display-RegularItalic.otf */ = {isa = PBXFileReference; lastKnownFileType = file; path = "SF-Pro-Display-RegularItalic.otf"; sourceTree = "<group>"; };
		FAB3365B20B331B800D6B61F /* SF-Pro-Display-Light.otf */ = {isa = PBXFileReference; lastKnownFileType = file; path = "SF-Pro-Display-Light.otf"; sourceTree = "<group>"; };
		FAB3365C20B331B800D6B61F /* SF-Pro-Display-Regular.otf */ = {isa = PBXFileReference; lastKnownFileType = file; path = "SF-Pro-Display-Regular.otf"; sourceTree = "<group>"; };
		FAB3365D20B331B800D6B61F /* SF-Pro-Text-MediumItalic.otf */ = {isa = PBXFileReference; lastKnownFileType = file; path = "SF-Pro-Text-MediumItalic.otf"; sourceTree = "<group>"; };
		FAB3365E20B331B800D6B61F /* SF-Pro-Display-Bold.otf */ = {isa = PBXFileReference; lastKnownFileType = file; path = "SF-Pro-Display-Bold.otf"; sourceTree = "<group>"; };
		FAB3365F20B331B800D6B61F /* SF-Pro-Display-Medium.otf */ = {isa = PBXFileReference; lastKnownFileType = file; path = "SF-Pro-Display-Medium.otf"; sourceTree = "<group>"; };
		FAB3366020B331B800D6B61F /* SF-Pro-Display-Heavy.otf */ = {isa = PBXFileReference; lastKnownFileType = file; path = "SF-Pro-Display-Heavy.otf"; sourceTree = "<group>"; };
		FAB3366120B331B800D6B61F /* SF-Pro-Text-Light.otf */ = {isa = PBXFileReference; lastKnownFileType = file; path = "SF-Pro-Text-Light.otf"; sourceTree = "<group>"; };
		FAB3366220B331B800D6B61F /* SF-Pro-Display-Semibold.otf */ = {isa = PBXFileReference; lastKnownFileType = file; path = "SF-Pro-Display-Semibold.otf"; sourceTree = "<group>"; };
		FAB3366320B331B800D6B61F /* SF-Pro-Text-Regular.otf */ = {isa = PBXFileReference; lastKnownFileType = file; path = "SF-Pro-Text-Regular.otf"; sourceTree = "<group>"; };
		FAB3366420B331B800D6B61F /* SF-Pro-Text-Bold.otf */ = {isa = PBXFileReference; lastKnownFileType = file; path = "SF-Pro-Text-Bold.otf"; sourceTree = "<group>"; };
		FAB3366520B331B800D6B61F /* SF-Pro-Display-MediumItalic.otf */ = {isa = PBXFileReference; lastKnownFileType = file; path = "SF-Pro-Display-MediumItalic.otf"; sourceTree = "<group>"; };
		FAB3366620B331B800D6B61F /* SF-Pro-Display-HeavyItalic.otf */ = {isa = PBXFileReference; lastKnownFileType = file; path = "SF-Pro-Display-HeavyItalic.otf"; sourceTree = "<group>"; };
		FAB3366720B331B800D6B61F /* SF-Pro-Display-Ultralight.otf */ = {isa = PBXFileReference; lastKnownFileType = file; path = "SF-Pro-Display-Ultralight.otf"; sourceTree = "<group>"; };
		FAB3366820B331B800D6B61F /* SF-Pro-Display-UltralightItalic.otf */ = {isa = PBXFileReference; lastKnownFileType = file; path = "SF-Pro-Display-UltralightItalic.otf"; sourceTree = "<group>"; };
		FAB3366920B331B800D6B61F /* SF-Pro-Display-LightItalic.otf */ = {isa = PBXFileReference; lastKnownFileType = file; path = "SF-Pro-Display-LightItalic.otf"; sourceTree = "<group>"; };
		FAB3366A20B331B800D6B61F /* SF-Pro-Display-BlackItalic.otf */ = {isa = PBXFileReference; lastKnownFileType = file; path = "SF-Pro-Display-BlackItalic.otf"; sourceTree = "<group>"; };
		FAB3366B20B331B800D6B61F /* SF-Pro-Display-Black.otf */ = {isa = PBXFileReference; lastKnownFileType = file; path = "SF-Pro-Display-Black.otf"; sourceTree = "<group>"; };
		FAB3366C20B331B800D6B61F /* SF-Pro-Text-BoldItalic.otf */ = {isa = PBXFileReference; lastKnownFileType = file; path = "SF-Pro-Text-BoldItalic.otf"; sourceTree = "<group>"; };
		FAB3366D20B331B800D6B61F /* SF-Pro-Text-RegularItalic.otf */ = {isa = PBXFileReference; lastKnownFileType = file; path = "SF-Pro-Text-RegularItalic.otf"; sourceTree = "<group>"; };
		FAB3366E20B331B800D6B61F /* SF-Pro-Text-Semibold.otf */ = {isa = PBXFileReference; lastKnownFileType = file; path = "SF-Pro-Text-Semibold.otf"; sourceTree = "<group>"; };
		FAB3366F20B331B800D6B61F /* SF-Pro-Text-HeavyItalic.otf */ = {isa = PBXFileReference; lastKnownFileType = file; path = "SF-Pro-Text-HeavyItalic.otf"; sourceTree = "<group>"; };
		FAB3367020B331B800D6B61F /* SF-Pro-Display-ThinItalic.otf */ = {isa = PBXFileReference; lastKnownFileType = file; path = "SF-Pro-Display-ThinItalic.otf"; sourceTree = "<group>"; };
		FAB3367120B331B800D6B61F /* SF-Pro-Text-LightItalic.otf */ = {isa = PBXFileReference; lastKnownFileType = file; path = "SF-Pro-Text-LightItalic.otf"; sourceTree = "<group>"; };
		FAB3367220B331B800D6B61F /* SF-Pro-Text-Medium.otf */ = {isa = PBXFileReference; lastKnownFileType = file; path = "SF-Pro-Text-Medium.otf"; sourceTree = "<group>"; };
		FAB3367320B331B800D6B61F /* SF-Pro-Display-BoldItalic.otf */ = {isa = PBXFileReference; lastKnownFileType = file; path = "SF-Pro-Display-BoldItalic.otf"; sourceTree = "<group>"; };
		FAB3367420B331B800D6B61F /* SF-Pro-Text-SemiboldItalic.otf */ = {isa = PBXFileReference; lastKnownFileType = file; path = "SF-Pro-Text-SemiboldItalic.otf"; sourceTree = "<group>"; };
		FAB3367520B331B900D6B61F /* SF Pro Font License.rtf */ = {isa = PBXFileReference; fileEncoding = 4; lastKnownFileType = text.rtf; path = "SF Pro Font License.rtf"; sourceTree = "<group>"; };
		FAB3367620B331BA00D6B61F /* SF Compact Font License.rtf */ = {isa = PBXFileReference; fileEncoding = 4; lastKnownFileType = text.rtf; path = "SF Compact Font License.rtf"; sourceTree = "<group>"; };
		FAB336AE20B374A200D6B61F /* NoteViewCell.swift */ = {isa = PBXFileReference; lastKnownFileType = sourcecode.swift; path = NoteViewCell.swift; sourceTree = "<group>"; };
		FABAB6F620CAFBD800E46E3E /* LineCell.swift */ = {isa = PBXFileReference; lastKnownFileType = sourcecode.swift; path = LineCell.swift; sourceTree = "<group>"; };
/* End PBXFileReference section */

/* Begin PBXFrameworksBuildPhase section */
		DEDF0FBB20AE20470064A247 /* Frameworks */ = {
			isa = PBXFrameworksBuildPhase;
			buildActionMask = 2147483647;
			files = (
			);
			runOnlyForDeploymentPostprocessing = 0;
		};
		E6022992203FA29E00336FC3 /* Frameworks */ = {
			isa = PBXFrameworksBuildPhase;
			buildActionMask = 2147483647;
			files = (
				A172386548BFA5B7787A876C /* Pods_FilaFacil.framework in Frameworks */,
			);
			runOnlyForDeploymentPostprocessing = 0;
		};
		E6D7FB16205314B600EEC89D /* Frameworks */ = {
			isa = PBXFrameworksBuildPhase;
			buildActionMask = 2147483647;
			files = (
			);
			runOnlyForDeploymentPostprocessing = 0;
		};
/* End PBXFrameworksBuildPhase section */

/* Begin PBXGroup section */
		1ECAEA88155B8A23266FB768 /* Pods */ = {
			isa = PBXGroup;
			children = (
				82ED1182B387CED3B8F44AE3 /* Pods-FilaFacil.debug.xcconfig */,
				EC17BD52135241410AEAA245 /* Pods-FilaFacil.release.xcconfig */,
			);
			name = Pods;
			sourceTree = "<group>";
		};
		DEBC40BD20B1E7DB00870D4C /* Model */ = {
			isa = PBXGroup;
			children = (
				DEBC40BF20B1E81100870D4C /* Question.swift */,
				DEBC40C320B1EC9F00870D4C /* CategoryQuestion.swift */,
				FA834E0A20B5E953002F3E32 /* Note.swift */,
			);
			path = Model;
			sourceTree = "<group>";
		};
		DEBC40BE20B1E7F100870D4C /* View */ = {
			isa = PBXGroup;
			children = (
				DEDF0FE320AE20D00064A247 /* QuestionTableViewCell.swift */,
				DEDF0FC720AE20470064A247 /* Main.storyboard */,
				FAB336AE20B374A200D6B61F /* NoteViewCell.swift */,
				FA626B6220B4BC3D0062E2F2 /* NoteCollectionViewLayout.swift */,
			);
			path = View;
			sourceTree = "<group>";
		};
		DEBC40C120B1E85500870D4C /* Services */ = {
			isa = PBXGroup;
			children = (
				DEDF0FE420AE20D00064A247 /* QuestionService.swift */,
				FA834E0820B5E90C002F3E32 /* NoteService.swift */,
			);
			path = Services;
			sourceTree = "<group>";
		};
		DEBC40C220B1E87A00870D4C /* Controller */ = {
			isa = PBXGroup;
			children = (
				DEDF0FC220AE20470064A247 /* ViewController.swift */,
			);
			path = Controller;
			sourceTree = "<group>";
		};
		DEDF0FBF20AE20470064A247 /* FilaFacilTV */ = {
			isa = PBXGroup;
			children = (
				DEBC40C220B1E87A00870D4C /* Controller */,
				DEBC40C120B1E85500870D4C /* Services */,
				DEBC40BD20B1E7DB00870D4C /* Model */,
				DEBC40BE20B1E7F100870D4C /* View */,
				DEDF0FC020AE20470064A247 /* AppDelegate.swift */,
				DEDF0FCA20AE20470064A247 /* Assets.xcassets */,
				DEDF0FCC20AE20470064A247 /* Info.plist */,
				DEDF0FC420AE20470064A247 /* FilaFacilTV.xcdatamodeld */,
			);
			path = FilaFacilTV;
			sourceTree = "<group>";
		};
		E602298C203FA29E00336FC3 = {
			isa = PBXGroup;
			children = (
				FAB3363F20B3319B00D6B61F /* Fonts */,
				E6022997203FA29E00336FC3 /* FilaFacil */,
				E6D7FB1A205314B600EEC89D /* FilaFacilUITests */,
				DEDF0FBF20AE20470064A247 /* FilaFacilTV */,
				E6022996203FA29E00336FC3 /* Products */,
				1ECAEA88155B8A23266FB768 /* Pods */,
				EEE9480C3407FA46BDEB6102 /* Frameworks */,
			);
			sourceTree = "<group>";
		};
		E6022996203FA29E00336FC3 /* Products */ = {
			isa = PBXGroup;
			children = (
				E6022995203FA29E00336FC3 /* FilaFacil.app */,
				E6D7FB19205314B600EEC89D /* FilaFacilUITests.xctest */,
				DEDF0FBE20AE20470064A247 /* FilaFacilTV.app */,
			);
			name = Products;
			sourceTree = "<group>";
		};
		E6022997203FA29E00336FC3 /* FilaFacil */ = {
			isa = PBXGroup;
			children = (
				FA8148B720BF2F2600F2FADD /* Mechanism */,
				E60367DA204DE65A0064A8EC /* FilaFacil.entitlements */,
				E6022998203FA29E00336FC3 /* AppDelegate.swift */,
				E60229AA203FA4D200336FC3 /* Services */,
				E60229AB203FA4DB00336FC3 /* Model */,
				E60229AC203FA4F500336FC3 /* Persistence */,
				E60229AD203FA51B00336FC3 /* Controllers */,
				E60229AE203FA52E00336FC3 /* View */,
				E602299F203FA29E00336FC3 /* Assets.xcassets */,
				E60229A4203FA29E00336FC3 /* Info.plist */,
				E604FF512052F26300656DED /* GoogleService-Info.plist */,
			);
			path = FilaFacil;
			sourceTree = "<group>";
		};
		E60229AA203FA4D200336FC3 /* Services */ = {
			isa = PBXGroup;
			children = (
				E60229DB203FD5AB00336FC3 /* AuthService.swift */,
				E60229E520409E8400336FC3 /* UserProfileService.swift */,
				E60229E72040A03C00336FC3 /* QuestionProfileService.swift */,
				E6FC384A20B36FC600D88578 /* NoteProfileService.swift */,
			);
			path = Services;
			sourceTree = "<group>";
		};
		E60229AB203FA4DB00336FC3 /* Model */ = {
			isa = PBXGroup;
			children = (
				E60229B1203FC87F00336FC3 /* UserProfile.swift */,
				E60229B3203FC8B300336FC3 /* QuestionProfile.swift */,
				E6FC384620B36CFD00D88578 /* NoteProfile.swift */,
			);
			path = Model;
			sourceTree = "<group>";
		};
		E60229AC203FA4F500336FC3 /* Persistence */ = {
			isa = PBXGroup;
			children = (
				E60229DD20408F0D00336FC3 /* DAO.swift */,
				E60229DF20408FAD00336FC3 /* AuthDatabaseManager.swift */,
				E60229B0203FA58900336FC3 /* DAO */,
			);
			path = Persistence;
			sourceTree = "<group>";
		};
		E60229AD203FA51B00336FC3 /* Controllers */ = {
			isa = PBXGroup;
			children = (
				E60229C9203FD01900336FC3 /* LoginViewController.swift */,
				E60229CD203FD09E00336FC3 /* ProfileViewController.swift */,
				E60229CF203FD11300336FC3 /* LineListViewController.swift */,
				E60229D5203FD19900336FC3 /* QuestionStatusViewController.swift */,
				E60229D3203FD18200336FC3 /* NewQuestionViewController.swift */,
				E60229D7203FD1EB00336FC3 /* ProfileQuestionStatusViewController.swift */,
				E60229D9203FD20200336FC3 /* LineStatusViewController.swift */,
				E6FC384220B3514500D88578 /* CreateNoteViewController.swift */,
			);
			path = Controllers;
			sourceTree = "<group>";
		};
		E60229AE203FA52E00336FC3 /* View */ = {
			isa = PBXGroup;
			children = (
				E60229A1203FA29E00336FC3 /* LaunchScreen.storyboard */,
				E60229B9203FCB6F00336FC3 /* TabBarView.storyboard */,
				E60229AF203FA56900336FC3 /* Cells */,
				E60229BB203FCC3E00336FC3 /* LoginView.storyboard */,
				E60229BD203FCC9E00336FC3 /* ProfileView.storyboard */,
				E60229D1203FD12400336FC3 /* LineListView.storyboard */,
				E60229C3203FCD7D00336FC3 /* QuestionStatusView.storyboard */,
				E60229C1203FCD1500336FC3 /* NewQuestionView.storyboard */,
				E60229C5203FCE4E00336FC3 /* ProfileQuestionStatusView.storyboard */,
				E60229C7203FCE6800336FC3 /* LineStatusView.storyboard */,
				E6FC384020B3506400D88578 /* CreateNoteView.storyboard */,
			);
			path = View;
			sourceTree = "<group>";
		};
		E60229AF203FA56900336FC3 /* Cells */ = {
			isa = PBXGroup;
			children = (
				E6FC384420B35DE300D88578 /* NoteCell.swift */,
				E60229B7203FC98000336FC3 /* MainListCell.swift */,
				FA8148BB20BF383F00F2FADD /* NewQuestionTableViewCell.swift */,
				FABAB6F620CAFBD800E46E3E /* LineCell.swift */,
			);
			path = Cells;
			sourceTree = "<group>";
		};
		E60229B0203FA58900336FC3 /* DAO */ = {
			isa = PBXGroup;
			children = (
				E60229E12040938300336FC3 /* UserProfileDAO.swift */,
				E60229E320409C3E00336FC3 /* QuestionProfileDAO.swift */,
				E6FC384820B36E0900D88578 /* NoteDAO.swift */,
			);
			path = DAO;
			sourceTree = "<group>";
		};
		E6D7FB1A205314B600EEC89D /* FilaFacilUITests */ = {
			isa = PBXGroup;
			children = (
				E6D7FB1B205314B600EEC89D /* FilaFacilUITests.swift */,
				E6D7FB1D205314B600EEC89D /* Info.plist */,
			);
			path = FilaFacilUITests;
			sourceTree = "<group>";
		};
		EEE9480C3407FA46BDEB6102 /* Frameworks */ = {
			isa = PBXGroup;
			children = (
				968F783760985A1FDB86908E /* Pods_FilaFacil.framework */,
			);
			name = Frameworks;
			sourceTree = "<group>";
		};
		FA8148B720BF2F2600F2FADD /* Mechanism */ = {
			isa = PBXGroup;
			children = (
				E60229E92040ACA100336FC3 /* Extensions.swift */,
				FA8148B820BF304700F2FADD /* Formatter.swift */,
			);
			path = Mechanism;
			sourceTree = "<group>";
		};
		FAB3363F20B3319B00D6B61F /* Fonts */ = {
			isa = PBXGroup;
			children = (
				FAB3364020B331B600D6B61F /* SF Compact */,
				FAB3367620B331BA00D6B61F /* SF Compact Font License.rtf */,
				FAB3365620B331B800D6B61F /* SF Pro */,
				FAB3367520B331B900D6B61F /* SF Pro Font License.rtf */,
			);
			path = Fonts;
			sourceTree = "<group>";
		};
		FAB3364020B331B600D6B61F /* SF Compact */ = {
			isa = PBXGroup;
			children = (
				FAB3364120B331B600D6B61F /* SFCompactDisplay-Heavy.otf */,
				FAB3364220B331B600D6B61F /* SFCompactText-Medium.otf */,
				FAB3364320B331B600D6B61F /* SFCompactText-SemiboldItalic.otf */,
				FAB3364420B331B600D6B61F /* SFCompactDisplay-Light.otf */,
				FAB3364520B331B600D6B61F /* SFCompactText-Regular.otf */,
				FAB3364620B331B600D6B61F /* SFCompactText-BoldItalic.otf */,
				FAB3364720B331B600D6B61F /* SFCompactDisplay-Semibold.otf */,
				FAB3364820B331B600D6B61F /* SFCompactDisplay-Medium.otf */,
				FAB3364920B331B600D6B61F /* SFCompactDisplay-Black.otf */,
				FAB3364A20B331B600D6B61F /* SFCompactDisplay-Regular.otf */,
				FAB3364B20B331B600D6B61F /* SFCompactText-MediumItalic.otf */,
				FAB3364C20B331B600D6B61F /* SFCompactText-Semibold.otf */,
				FAB3364D20B331B600D6B61F /* SFCompactText-RegularItalic.otf */,
				FAB3364E20B331B600D6B61F /* SFCompactText-Light.otf */,
				FAB3364F20B331B600D6B61F /* SFCompactDisplay-Bold.otf */,
				FAB3365020B331B600D6B61F /* SFCompactText-Bold.otf */,
				FAB3365120B331B600D6B61F /* SFCompactDisplay-Ultralight.otf */,
				FAB3365220B331B600D6B61F /* SFCompactText-Heavy.otf */,
				FAB3365320B331B600D6B61F /* SFCompactText-HeavyItalic.otf */,
				FAB3365420B331B600D6B61F /* SFCompactText-LightItalic.otf */,
				FAB3365520B331B600D6B61F /* SFCompactDisplay-Thin.otf */,
			);
			path = "SF Compact";
			sourceTree = "<group>";
		};
		FAB3365620B331B800D6B61F /* SF Pro */ = {
			isa = PBXGroup;
			children = (
				FAB3365720B331B800D6B61F /* SF-Pro-Display-Thin.otf */,
				FAB3365820B331B800D6B61F /* SF-Pro-Display-SemiboldItalic.otf */,
				FAB3365920B331B800D6B61F /* SF-Pro-Text-Heavy.otf */,
				FAB3365A20B331B800D6B61F /* SF-Pro-Display-RegularItalic.otf */,
				FAB3365B20B331B800D6B61F /* SF-Pro-Display-Light.otf */,
				FAB3365C20B331B800D6B61F /* SF-Pro-Display-Regular.otf */,
				FAB3365D20B331B800D6B61F /* SF-Pro-Text-MediumItalic.otf */,
				FAB3365E20B331B800D6B61F /* SF-Pro-Display-Bold.otf */,
				FAB3365F20B331B800D6B61F /* SF-Pro-Display-Medium.otf */,
				FAB3366020B331B800D6B61F /* SF-Pro-Display-Heavy.otf */,
				FAB3366120B331B800D6B61F /* SF-Pro-Text-Light.otf */,
				FAB3366220B331B800D6B61F /* SF-Pro-Display-Semibold.otf */,
				FAB3366320B331B800D6B61F /* SF-Pro-Text-Regular.otf */,
				FAB3366420B331B800D6B61F /* SF-Pro-Text-Bold.otf */,
				FAB3366520B331B800D6B61F /* SF-Pro-Display-MediumItalic.otf */,
				FAB3366620B331B800D6B61F /* SF-Pro-Display-HeavyItalic.otf */,
				FAB3366720B331B800D6B61F /* SF-Pro-Display-Ultralight.otf */,
				FAB3366820B331B800D6B61F /* SF-Pro-Display-UltralightItalic.otf */,
				FAB3366920B331B800D6B61F /* SF-Pro-Display-LightItalic.otf */,
				FAB3366A20B331B800D6B61F /* SF-Pro-Display-BlackItalic.otf */,
				FAB3366B20B331B800D6B61F /* SF-Pro-Display-Black.otf */,
				FAB3366C20B331B800D6B61F /* SF-Pro-Text-BoldItalic.otf */,
				FAB3366D20B331B800D6B61F /* SF-Pro-Text-RegularItalic.otf */,
				FAB3366E20B331B800D6B61F /* SF-Pro-Text-Semibold.otf */,
				FAB3366F20B331B800D6B61F /* SF-Pro-Text-HeavyItalic.otf */,
				FAB3367020B331B800D6B61F /* SF-Pro-Display-ThinItalic.otf */,
				FAB3367120B331B800D6B61F /* SF-Pro-Text-LightItalic.otf */,
				FAB3367220B331B800D6B61F /* SF-Pro-Text-Medium.otf */,
				FAB3367320B331B800D6B61F /* SF-Pro-Display-BoldItalic.otf */,
				FAB3367420B331B800D6B61F /* SF-Pro-Text-SemiboldItalic.otf */,
			);
			path = "SF Pro";
			sourceTree = "<group>";
		};
/* End PBXGroup section */

/* Begin PBXNativeTarget section */
		DEDF0FBD20AE20470064A247 /* FilaFacilTV */ = {
			isa = PBXNativeTarget;
			buildConfigurationList = DEDF0FCF20AE20470064A247 /* Build configuration list for PBXNativeTarget "FilaFacilTV" */;
			buildPhases = (
				DEDF0FBA20AE20470064A247 /* Sources */,
				DEDF0FBB20AE20470064A247 /* Frameworks */,
				DEDF0FBC20AE20470064A247 /* Resources */,
			);
			buildRules = (
			);
			dependencies = (
			);
			name = FilaFacilTV;
			productName = FilaFacilTV;
			productReference = DEDF0FBE20AE20470064A247 /* FilaFacilTV.app */;
			productType = "com.apple.product-type.application";
		};
		E6022994203FA29E00336FC3 /* FilaFacil */ = {
			isa = PBXNativeTarget;
			buildConfigurationList = E60229A7203FA29E00336FC3 /* Build configuration list for PBXNativeTarget "FilaFacil" */;
			buildPhases = (
				E6CB80C12077F929007B0661 /* ShellScript */,
				B95BEEBF526AE9F662811CBB /* [CP] Check Pods Manifest.lock */,
				E6022991203FA29E00336FC3 /* Sources */,
				E6022992203FA29E00336FC3 /* Frameworks */,
				E6022993203FA29E00336FC3 /* Resources */,
				5BF29ECFB359D99098A7DC68 /* [CP] Embed Pods Frameworks */,
				F8A14F0F3F8EDC596B79735A /* [CP] Copy Pods Resources */,
			);
			buildRules = (
			);
			dependencies = (
			);
			name = FilaFacil;
			productName = FilaFacil;
			productReference = E6022995203FA29E00336FC3 /* FilaFacil.app */;
			productType = "com.apple.product-type.application";
		};
		E6D7FB18205314B600EEC89D /* FilaFacilUITests */ = {
			isa = PBXNativeTarget;
			buildConfigurationList = E6D7FB22205314B600EEC89D /* Build configuration list for PBXNativeTarget "FilaFacilUITests" */;
			buildPhases = (
				E6D7FB15205314B600EEC89D /* Sources */,
				E6D7FB16205314B600EEC89D /* Frameworks */,
				E6D7FB17205314B600EEC89D /* Resources */,
			);
			buildRules = (
			);
			dependencies = (
				E6D7FB1F205314B600EEC89D /* PBXTargetDependency */,
			);
			name = FilaFacilUITests;
			productName = FilaFacilUITests;
			productReference = E6D7FB19205314B600EEC89D /* FilaFacilUITests.xctest */;
			productType = "com.apple.product-type.bundle.ui-testing";
		};
/* End PBXNativeTarget section */

/* Begin PBXProject section */
		E602298D203FA29E00336FC3 /* Project object */ = {
			isa = PBXProject;
			attributes = {
				LastSwiftUpdateCheck = 0920;
				LastUpgradeCheck = 0920;
				ORGANIZATIONNAME = "Lucas C Barros";
				TargetAttributes = {
					DEDF0FBD20AE20470064A247 = {
						CreatedOnToolsVersion = 9.2;
						ProvisioningStyle = Automatic;
					};
					E6022994203FA29E00336FC3 = {
						CreatedOnToolsVersion = 9.2;
						ProvisioningStyle = Automatic;
						SystemCapabilities = {
							com.apple.BackgroundModes = {
								enabled = 1;
							};
							com.apple.Push = {
								enabled = 1;
							};
						};
					};
					E6D7FB18205314B600EEC89D = {
						CreatedOnToolsVersion = 9.2;
						ProvisioningStyle = Automatic;
						TestTargetID = E6022994203FA29E00336FC3;
					};
				};
			};
			buildConfigurationList = E6022990203FA29E00336FC3 /* Build configuration list for PBXProject "FilaFacil" */;
			compatibilityVersion = "Xcode 8.0";
			developmentRegion = en;
			hasScannedForEncodings = 0;
			knownRegions = (
				en,
				Base,
			);
			mainGroup = E602298C203FA29E00336FC3;
			productRefGroup = E6022996203FA29E00336FC3 /* Products */;
			projectDirPath = "";
			projectRoot = "";
			targets = (
				E6022994203FA29E00336FC3 /* FilaFacil */,
				E6D7FB18205314B600EEC89D /* FilaFacilUITests */,
				DEDF0FBD20AE20470064A247 /* FilaFacilTV */,
			);
		};
/* End PBXProject section */

/* Begin PBXResourcesBuildPhase section */
		DEDF0FBC20AE20470064A247 /* Resources */ = {
			isa = PBXResourcesBuildPhase;
			buildActionMask = 2147483647;
			files = (
				DEDF0FCB20AE20470064A247 /* Assets.xcassets in Resources */,
				FA3DF91820B76CE500D8DA5C /* SF-Pro-Display-Regular.otf in Resources */,
				DEDF0FC920AE20470064A247 /* Main.storyboard in Resources */,
			);
			runOnlyForDeploymentPostprocessing = 0;
		};
		E6022993203FA29E00336FC3 /* Resources */ = {
			isa = PBXResourcesBuildPhase;
			buildActionMask = 2147483647;
			files = (
				FAB3368520B331BB00D6B61F /* SFCompactDisplay-Bold.otf in Resources */,
				FAB3367820B331BA00D6B61F /* SFCompactText-Medium.otf in Resources */,
				FAB3369C20B331BB00D6B61F /* SF-Pro-Display-Ultralight.otf in Resources */,
				E60229A3203FA29E00336FC3 /* LaunchScreen.storyboard in Resources */,
				FAB3368920B331BB00D6B61F /* SFCompactText-HeavyItalic.otf in Resources */,
				FAB3369920B331BB00D6B61F /* SF-Pro-Text-Bold.otf in Resources */,
				FAB3368D20B331BB00D6B61F /* SF-Pro-Display-SemiboldItalic.otf in Resources */,
				FAB3368120B331BB00D6B61F /* SFCompactText-MediumItalic.otf in Resources */,
				FAB336A720B331BB00D6B61F /* SF-Pro-Text-Medium.otf in Resources */,
				FAB3369820B331BB00D6B61F /* SF-Pro-Text-Regular.otf in Resources */,
				FAB3369620B331BB00D6B61F /* SF-Pro-Text-Light.otf in Resources */,
				FAB3369320B331BB00D6B61F /* SF-Pro-Display-Bold.otf in Resources */,
				FAB3367D20B331BB00D6B61F /* SFCompactDisplay-Semibold.otf in Resources */,
				FAB3368B20B331BB00D6B61F /* SFCompactDisplay-Thin.otf in Resources */,
				FAB3368F20B331BB00D6B61F /* SF-Pro-Display-RegularItalic.otf in Resources */,
				FAB3368720B331BB00D6B61F /* SFCompactDisplay-Ultralight.otf in Resources */,
				FAB3368A20B331BB00D6B61F /* SFCompactText-LightItalic.otf in Resources */,
				FAB336A120B331BB00D6B61F /* SF-Pro-Text-BoldItalic.otf in Resources */,
				E60229C6203FCE4E00336FC3 /* ProfileQuestionStatusView.storyboard in Resources */,
				FAB3368020B331BB00D6B61F /* SFCompactDisplay-Regular.otf in Resources */,
				FAB336A920B331BB00D6B61F /* SF-Pro-Text-SemiboldItalic.otf in Resources */,
				E60229A0203FA29E00336FC3 /* Assets.xcassets in Resources */,
				FAB336A320B331BB00D6B61F /* SF-Pro-Text-Semibold.otf in Resources */,
				FAB3367B20B331BA00D6B61F /* SFCompactText-Regular.otf in Resources */,
				E60229BA203FCB6F00336FC3 /* TabBarView.storyboard in Resources */,
				FAB3368820B331BB00D6B61F /* SFCompactText-Heavy.otf in Resources */,
				E60229D2203FD12400336FC3 /* LineListView.storyboard in Resources */,
				FAB3369720B331BB00D6B61F /* SF-Pro-Display-Semibold.otf in Resources */,
				FAB3368E20B331BB00D6B61F /* SF-Pro-Text-Heavy.otf in Resources */,
				FAB3367C20B331BB00D6B61F /* SFCompactText-BoldItalic.otf in Resources */,
				E604FF522052F26300656DED /* GoogleService-Info.plist in Resources */,
				FAB3368220B331BB00D6B61F /* SFCompactText-Semibold.otf in Resources */,
				FAB3369520B331BB00D6B61F /* SF-Pro-Display-Heavy.otf in Resources */,
				FAB3369D20B331BB00D6B61F /* SF-Pro-Display-UltralightItalic.otf in Resources */,
				E60229C4203FCD7D00336FC3 /* QuestionStatusView.storyboard in Resources */,
				FAB336A220B331BB00D6B61F /* SF-Pro-Text-RegularItalic.otf in Resources */,
				FAB336AA20B331BB00D6B61F /* SF Pro Font License.rtf in Resources */,
				FAB3367920B331BA00D6B61F /* SFCompactText-SemiboldItalic.otf in Resources */,
				FAB3369E20B331BB00D6B61F /* SF-Pro-Display-LightItalic.otf in Resources */,
				FAB336A820B331BB00D6B61F /* SF-Pro-Display-BoldItalic.otf in Resources */,
				E60229BC203FCC3E00336FC3 /* LoginView.storyboard in Resources */,
				FAB3369B20B331BB00D6B61F /* SF-Pro-Display-HeavyItalic.otf in Resources */,
				FAB3368320B331BB00D6B61F /* SFCompactText-RegularItalic.otf in Resources */,
				FAB3369120B331BB00D6B61F /* SF-Pro-Display-Regular.otf in Resources */,
				FAB3369220B331BB00D6B61F /* SF-Pro-Text-MediumItalic.otf in Resources */,
				FAB3368C20B331BB00D6B61F /* SF-Pro-Display-Thin.otf in Resources */,
				FAB3369F20B331BB00D6B61F /* SF-Pro-Display-BlackItalic.otf in Resources */,
				FAB336AB20B331BB00D6B61F /* SF Compact Font License.rtf in Resources */,
				FAB3367F20B331BB00D6B61F /* SFCompactDisplay-Black.otf in Resources */,
				FAB336A020B331BB00D6B61F /* SF-Pro-Display-Black.otf in Resources */,
				FAB3367A20B331BA00D6B61F /* SFCompactDisplay-Light.otf in Resources */,
				FAB3369A20B331BB00D6B61F /* SF-Pro-Display-MediumItalic.otf in Resources */,
				FAB336A420B331BB00D6B61F /* SF-Pro-Text-HeavyItalic.otf in Resources */,
				FAB336A620B331BB00D6B61F /* SF-Pro-Text-LightItalic.otf in Resources */,
				FAB3368420B331BB00D6B61F /* SFCompactText-Light.otf in Resources */,
				FAB3367E20B331BB00D6B61F /* SFCompactDisplay-Medium.otf in Resources */,
				E60229BE203FCC9E00336FC3 /* ProfileView.storyboard in Resources */,
				E6FC384120B3506400D88578 /* CreateNoteView.storyboard in Resources */,
				FAB3367720B331BA00D6B61F /* SFCompactDisplay-Heavy.otf in Resources */,
				FAB3369420B331BB00D6B61F /* SF-Pro-Display-Medium.otf in Resources */,
				FAB3369020B331BB00D6B61F /* SF-Pro-Display-Light.otf in Resources */,
				FAB3368620B331BB00D6B61F /* SFCompactText-Bold.otf in Resources */,
				E60229C2203FCD1500336FC3 /* NewQuestionView.storyboard in Resources */,
				FAB336A520B331BB00D6B61F /* SF-Pro-Display-ThinItalic.otf in Resources */,
				E60229C8203FCE6800336FC3 /* LineStatusView.storyboard in Resources */,
			);
			runOnlyForDeploymentPostprocessing = 0;
		};
		E6D7FB17205314B600EEC89D /* Resources */ = {
			isa = PBXResourcesBuildPhase;
			buildActionMask = 2147483647;
			files = (
			);
			runOnlyForDeploymentPostprocessing = 0;
		};
/* End PBXResourcesBuildPhase section */

/* Begin PBXShellScriptBuildPhase section */
		5BF29ECFB359D99098A7DC68 /* [CP] Embed Pods Frameworks */ = {
			isa = PBXShellScriptBuildPhase;
			buildActionMask = 2147483647;
			files = (
			);
			inputPaths = (
				"${SRCROOT}/Pods/Target Support Files/Pods-FilaFacil/Pods-FilaFacil-frameworks.sh",
				"${BUILT_PRODUCTS_DIR}/GTMSessionFetcher/GTMSessionFetcher.framework",
				"${BUILT_PRODUCTS_DIR}/GoogleToolboxForMac/GoogleToolboxForMac.framework",
				"${BUILT_PRODUCTS_DIR}/IQKeyboardManagerSwift/IQKeyboardManagerSwift.framework",
				"${BUILT_PRODUCTS_DIR}/Protobuf/Protobuf.framework",
				"${BUILT_PRODUCTS_DIR}/SwiftyJSON/SwiftyJSON.framework",
				"${BUILT_PRODUCTS_DIR}/leveldb-library/leveldb.framework",
				"${BUILT_PRODUCTS_DIR}/nanopb/nanopb.framework",
			);
			name = "[CP] Embed Pods Frameworks";
			outputPaths = (
				"${TARGET_BUILD_DIR}/${FRAMEWORKS_FOLDER_PATH}/GTMSessionFetcher.framework",
				"${TARGET_BUILD_DIR}/${FRAMEWORKS_FOLDER_PATH}/GoogleToolboxForMac.framework",
				"${TARGET_BUILD_DIR}/${FRAMEWORKS_FOLDER_PATH}/IQKeyboardManagerSwift.framework",
				"${TARGET_BUILD_DIR}/${FRAMEWORKS_FOLDER_PATH}/Protobuf.framework",
				"${TARGET_BUILD_DIR}/${FRAMEWORKS_FOLDER_PATH}/SwiftyJSON.framework",
				"${TARGET_BUILD_DIR}/${FRAMEWORKS_FOLDER_PATH}/leveldb.framework",
				"${TARGET_BUILD_DIR}/${FRAMEWORKS_FOLDER_PATH}/nanopb.framework",
			);
			runOnlyForDeploymentPostprocessing = 0;
			shellPath = /bin/sh;
			shellScript = "\"${SRCROOT}/Pods/Target Support Files/Pods-FilaFacil/Pods-FilaFacil-frameworks.sh\"\n";
			showEnvVarsInLog = 0;
		};
		B95BEEBF526AE9F662811CBB /* [CP] Check Pods Manifest.lock */ = {
			isa = PBXShellScriptBuildPhase;
			buildActionMask = 2147483647;
			files = (
			);
			inputPaths = (
				"${PODS_PODFILE_DIR_PATH}/Podfile.lock",
				"${PODS_ROOT}/Manifest.lock",
			);
			name = "[CP] Check Pods Manifest.lock";
			outputPaths = (
				"$(DERIVED_FILE_DIR)/Pods-FilaFacil-checkManifestLockResult.txt",
			);
			runOnlyForDeploymentPostprocessing = 0;
			shellPath = /bin/sh;
			shellScript = "diff \"${PODS_PODFILE_DIR_PATH}/Podfile.lock\" \"${PODS_ROOT}/Manifest.lock\" > /dev/null\nif [ $? != 0 ] ; then\n    # print error to STDERR\n    echo \"error: The sandbox is not in sync with the Podfile.lock. Run 'pod install' or update your CocoaPods installation.\" >&2\n    exit 1\nfi\n# This output is used by Xcode 'outputs' to avoid re-running this script phase.\necho \"SUCCESS\" > \"${SCRIPT_OUTPUT_FILE_0}\"\n";
			showEnvVarsInLog = 0;
		};
		E6CB80C12077F929007B0661 /* ShellScript */ = {
			isa = PBXShellScriptBuildPhase;
			buildActionMask = 2147483647;
			files = (
			);
			inputPaths = (
			);
			outputPaths = (
			);
			runOnlyForDeploymentPostprocessing = 0;
			shellPath = /bin/sh;
			shellScript = "\"${PODS_ROOT}/SwiftLint/swiftlint\" --config FilaFacil/.swiftlint.yml";
		};
		F8A14F0F3F8EDC596B79735A /* [CP] Copy Pods Resources */ = {
			isa = PBXShellScriptBuildPhase;
			buildActionMask = 2147483647;
			files = (
			);
			inputPaths = (
			);
			name = "[CP] Copy Pods Resources";
			outputPaths = (
			);
			runOnlyForDeploymentPostprocessing = 0;
			shellPath = /bin/sh;
			shellScript = "\"${SRCROOT}/Pods/Target Support Files/Pods-FilaFacil/Pods-FilaFacil-resources.sh\"\n";
			showEnvVarsInLog = 0;
		};
/* End PBXShellScriptBuildPhase section */

/* Begin PBXSourcesBuildPhase section */
		DEDF0FBA20AE20470064A247 /* Sources */ = {
			isa = PBXSourcesBuildPhase;
			buildActionMask = 2147483647;
			files = (
				DEDF0FC320AE20470064A247 /* ViewController.swift in Sources */,
				FA8148BA20BF318300F2FADD /* Formatter.swift in Sources */,
				FA626B6320B4BC3D0062E2F2 /* NoteCollectionViewLayout.swift in Sources */,
				DEDF0FE520AE20D10064A247 /* QuestionTableViewCell.swift in Sources */,
				FA834E0920B5E90C002F3E32 /* NoteService.swift in Sources */,
				DEDF0FE620AE20D10064A247 /* QuestionService.swift in Sources */,
				DEBC40C020B1E81100870D4C /* Question.swift in Sources */,
				DEDF0FC620AE20470064A247 /* FilaFacilTV.xcdatamodeld in Sources */,
				FA8148B620BF2B0500F2FADD /* Extensions.swift in Sources */,
				FA834E0B20B5E953002F3E32 /* Note.swift in Sources */,
				DEBC40C420B1EC9F00870D4C /* CategoryQuestion.swift in Sources */,
				DEDF0FC120AE20470064A247 /* AppDelegate.swift in Sources */,
				FAB336AF20B374A200D6B61F /* NoteViewCell.swift in Sources */,
			);
			runOnlyForDeploymentPostprocessing = 0;
		};
		E6022991203FA29E00336FC3 /* Sources */ = {
			isa = PBXSourcesBuildPhase;
			buildActionMask = 2147483647;
			files = (
				E60229CA203FD01900336FC3 /* LoginViewController.swift in Sources */,
				E60229B8203FC98000336FC3 /* MainListCell.swift in Sources */,
				E60229E22040938300336FC3 /* UserProfileDAO.swift in Sources */,
				E60229B4203FC8B300336FC3 /* QuestionProfile.swift in Sources */,
				E60229D4203FD18200336FC3 /* NewQuestionViewController.swift in Sources */,
				FA8148BC20BF383F00F2FADD /* NewQuestionTableViewCell.swift in Sources */,
				E60229E620409E8400336FC3 /* UserProfileService.swift in Sources */,
				E60229DA203FD20200336FC3 /* LineStatusViewController.swift in Sources */,
				E60229D0203FD11300336FC3 /* LineListViewController.swift in Sources */,
				E60229E020408FAD00336FC3 /* AuthDatabaseManager.swift in Sources */,
				E60229E82040A03C00336FC3 /* QuestionProfileService.swift in Sources */,
				E6FC384720B36CFD00D88578 /* NoteProfile.swift in Sources */,
				E6022999203FA29E00336FC3 /* AppDelegate.swift in Sources */,
				E60229D6203FD19900336FC3 /* QuestionStatusViewController.swift in Sources */,
				E60229E420409C3E00336FC3 /* QuestionProfileDAO.swift in Sources */,
				FA8148B920BF304700F2FADD /* Formatter.swift in Sources */,
				E6FC384520B35DE300D88578 /* NoteCell.swift in Sources */,
				E60229EA2040ACA100336FC3 /* Extensions.swift in Sources */,
				E60229DE20408F0D00336FC3 /* DAO.swift in Sources */,
				E6FC384920B36E0900D88578 /* NoteDAO.swift in Sources */,
				E60229D8203FD1EB00336FC3 /* ProfileQuestionStatusViewController.swift in Sources */,
				E60229B2203FC87F00336FC3 /* UserProfile.swift in Sources */,
				E60229CE203FD09E00336FC3 /* ProfileViewController.swift in Sources */,
				E6FC384320B3514500D88578 /* CreateNoteViewController.swift in Sources */,
				E6FC384B20B36FC600D88578 /* NoteProfileService.swift in Sources */,
				E60229DC203FD5AB00336FC3 /* AuthService.swift in Sources */,
				FABAB6F720CAFBD800E46E3E /* LineCell.swift in Sources */,
			);
			runOnlyForDeploymentPostprocessing = 0;
		};
		E6D7FB15205314B600EEC89D /* Sources */ = {
			isa = PBXSourcesBuildPhase;
			buildActionMask = 2147483647;
			files = (
				E6D7FB1C205314B600EEC89D /* FilaFacilUITests.swift in Sources */,
			);
			runOnlyForDeploymentPostprocessing = 0;
		};
/* End PBXSourcesBuildPhase section */

/* Begin PBXTargetDependency section */
		E6D7FB1F205314B600EEC89D /* PBXTargetDependency */ = {
			isa = PBXTargetDependency;
			target = E6022994203FA29E00336FC3 /* FilaFacil */;
			targetProxy = E6D7FB1E205314B600EEC89D /* PBXContainerItemProxy */;
		};
/* End PBXTargetDependency section */

/* Begin PBXVariantGroup section */
		DEDF0FC720AE20470064A247 /* Main.storyboard */ = {
			isa = PBXVariantGroup;
			children = (
				DEDF0FC820AE20470064A247 /* Base */,
			);
			name = Main.storyboard;
			sourceTree = "<group>";
		};
		E60229A1203FA29E00336FC3 /* LaunchScreen.storyboard */ = {
			isa = PBXVariantGroup;
			children = (
				E60229A2203FA29E00336FC3 /* Base */,
			);
			name = LaunchScreen.storyboard;
			sourceTree = "<group>";
		};
/* End PBXVariantGroup section */

/* Begin XCBuildConfiguration section */
		DEDF0FCD20AE20470064A247 /* Debug */ = {
			isa = XCBuildConfiguration;
			buildSettings = {
				ASSETCATALOG_COMPILER_APPICON_NAME = "Brand Assets";
				ASSETCATALOG_COMPILER_LAUNCHIMAGE_NAME = LaunchImage;
				CODE_SIGN_STYLE = Automatic;
				DEVELOPMENT_TEAM = 987J4BXX78;
				INFOPLIST_FILE = FilaFacilTV/Info.plist;
				LD_RUNPATH_SEARCH_PATHS = "$(inherited) @executable_path/Frameworks";
				PRODUCT_BUNDLE_IDENTIFIER = com.tus.FilaFacilTV;
				PRODUCT_NAME = "$(TARGET_NAME)";
				SDKROOT = appletvos;
				SWIFT_VERSION = 4.0;
				TARGETED_DEVICE_FAMILY = 3;
				TVOS_DEPLOYMENT_TARGET = 11.2;
			};
			name = Debug;
		};
		DEDF0FCE20AE20470064A247 /* Release */ = {
			isa = XCBuildConfiguration;
			buildSettings = {
				ASSETCATALOG_COMPILER_APPICON_NAME = "Brand Assets";
				ASSETCATALOG_COMPILER_LAUNCHIMAGE_NAME = LaunchImage;
				CODE_SIGN_STYLE = Automatic;
				DEVELOPMENT_TEAM = 987J4BXX78;
				INFOPLIST_FILE = FilaFacilTV/Info.plist;
				LD_RUNPATH_SEARCH_PATHS = "$(inherited) @executable_path/Frameworks";
				PRODUCT_BUNDLE_IDENTIFIER = com.tus.FilaFacilTV;
				PRODUCT_NAME = "$(TARGET_NAME)";
				SDKROOT = appletvos;
				SWIFT_VERSION = 4.0;
				TARGETED_DEVICE_FAMILY = 3;
				TVOS_DEPLOYMENT_TARGET = 11.2;
			};
			name = Release;
		};
		E60229A5203FA29E00336FC3 /* Debug */ = {
			isa = XCBuildConfiguration;
			buildSettings = {
				ALWAYS_SEARCH_USER_PATHS = NO;
				CLANG_ANALYZER_NONNULL = YES;
				CLANG_ANALYZER_NUMBER_OBJECT_CONVERSION = YES_AGGRESSIVE;
				CLANG_CXX_LANGUAGE_STANDARD = "gnu++14";
				CLANG_CXX_LIBRARY = "libc++";
				CLANG_ENABLE_MODULES = YES;
				CLANG_ENABLE_OBJC_ARC = YES;
				CLANG_WARN_BLOCK_CAPTURE_AUTORELEASING = YES;
				CLANG_WARN_BOOL_CONVERSION = YES;
				CLANG_WARN_COMMA = YES;
				CLANG_WARN_CONSTANT_CONVERSION = YES;
				CLANG_WARN_DIRECT_OBJC_ISA_USAGE = YES_ERROR;
				CLANG_WARN_DOCUMENTATION_COMMENTS = YES;
				CLANG_WARN_EMPTY_BODY = YES;
				CLANG_WARN_ENUM_CONVERSION = YES;
				CLANG_WARN_INFINITE_RECURSION = YES;
				CLANG_WARN_INT_CONVERSION = YES;
				CLANG_WARN_NON_LITERAL_NULL_CONVERSION = YES;
				CLANG_WARN_OBJC_LITERAL_CONVERSION = YES;
				CLANG_WARN_OBJC_ROOT_CLASS = YES_ERROR;
				CLANG_WARN_RANGE_LOOP_ANALYSIS = YES;
				CLANG_WARN_STRICT_PROTOTYPES = YES;
				CLANG_WARN_SUSPICIOUS_MOVE = YES;
				CLANG_WARN_UNGUARDED_AVAILABILITY = YES_AGGRESSIVE;
				CLANG_WARN_UNREACHABLE_CODE = YES;
				CLANG_WARN__DUPLICATE_METHOD_MATCH = YES;
				CODE_SIGN_IDENTITY = "iPhone Developer";
				COPY_PHASE_STRIP = NO;
				DEBUG_INFORMATION_FORMAT = dwarf;
				ENABLE_STRICT_OBJC_MSGSEND = YES;
				ENABLE_TESTABILITY = YES;
				GCC_C_LANGUAGE_STANDARD = gnu11;
				GCC_DYNAMIC_NO_PIC = NO;
				GCC_NO_COMMON_BLOCKS = YES;
				GCC_OPTIMIZATION_LEVEL = 0;
				GCC_PREPROCESSOR_DEFINITIONS = (
					"DEBUG=1",
					"$(inherited)",
				);
				GCC_WARN_64_TO_32_BIT_CONVERSION = YES;
				GCC_WARN_ABOUT_RETURN_TYPE = YES_ERROR;
				GCC_WARN_UNDECLARED_SELECTOR = YES;
				GCC_WARN_UNINITIALIZED_AUTOS = YES_AGGRESSIVE;
				GCC_WARN_UNUSED_FUNCTION = YES;
				GCC_WARN_UNUSED_VARIABLE = YES;
				IPHONEOS_DEPLOYMENT_TARGET = 11.2;
				MTL_ENABLE_DEBUG_INFO = YES;
				ONLY_ACTIVE_ARCH = YES;
				SDKROOT = iphoneos;
				SWIFT_ACTIVE_COMPILATION_CONDITIONS = DEBUG;
				SWIFT_OPTIMIZATION_LEVEL = "-Onone";
			};
			name = Debug;
		};
		E60229A6203FA29E00336FC3 /* Release */ = {
			isa = XCBuildConfiguration;
			buildSettings = {
				ALWAYS_SEARCH_USER_PATHS = NO;
				CLANG_ANALYZER_NONNULL = YES;
				CLANG_ANALYZER_NUMBER_OBJECT_CONVERSION = YES_AGGRESSIVE;
				CLANG_CXX_LANGUAGE_STANDARD = "gnu++14";
				CLANG_CXX_LIBRARY = "libc++";
				CLANG_ENABLE_MODULES = YES;
				CLANG_ENABLE_OBJC_ARC = YES;
				CLANG_WARN_BLOCK_CAPTURE_AUTORELEASING = YES;
				CLANG_WARN_BOOL_CONVERSION = YES;
				CLANG_WARN_COMMA = YES;
				CLANG_WARN_CONSTANT_CONVERSION = YES;
				CLANG_WARN_DIRECT_OBJC_ISA_USAGE = YES_ERROR;
				CLANG_WARN_DOCUMENTATION_COMMENTS = YES;
				CLANG_WARN_EMPTY_BODY = YES;
				CLANG_WARN_ENUM_CONVERSION = YES;
				CLANG_WARN_INFINITE_RECURSION = YES;
				CLANG_WARN_INT_CONVERSION = YES;
				CLANG_WARN_NON_LITERAL_NULL_CONVERSION = YES;
				CLANG_WARN_OBJC_LITERAL_CONVERSION = YES;
				CLANG_WARN_OBJC_ROOT_CLASS = YES_ERROR;
				CLANG_WARN_RANGE_LOOP_ANALYSIS = YES;
				CLANG_WARN_STRICT_PROTOTYPES = YES;
				CLANG_WARN_SUSPICIOUS_MOVE = YES;
				CLANG_WARN_UNGUARDED_AVAILABILITY = YES_AGGRESSIVE;
				CLANG_WARN_UNREACHABLE_CODE = YES;
				CLANG_WARN__DUPLICATE_METHOD_MATCH = YES;
				CODE_SIGN_IDENTITY = "iPhone Developer";
				COPY_PHASE_STRIP = NO;
				DEBUG_INFORMATION_FORMAT = "dwarf-with-dsym";
				ENABLE_NS_ASSERTIONS = NO;
				ENABLE_STRICT_OBJC_MSGSEND = YES;
				GCC_C_LANGUAGE_STANDARD = gnu11;
				GCC_NO_COMMON_BLOCKS = YES;
				GCC_WARN_64_TO_32_BIT_CONVERSION = YES;
				GCC_WARN_ABOUT_RETURN_TYPE = YES_ERROR;
				GCC_WARN_UNDECLARED_SELECTOR = YES;
				GCC_WARN_UNINITIALIZED_AUTOS = YES_AGGRESSIVE;
				GCC_WARN_UNUSED_FUNCTION = YES;
				GCC_WARN_UNUSED_VARIABLE = YES;
				IPHONEOS_DEPLOYMENT_TARGET = 11.2;
				MTL_ENABLE_DEBUG_INFO = NO;
				SDKROOT = iphoneos;
				SWIFT_OPTIMIZATION_LEVEL = "-Owholemodule";
				VALIDATE_PRODUCT = YES;
			};
			name = Release;
		};
		E60229A8203FA29E00336FC3 /* Debug */ = {
			isa = XCBuildConfiguration;
			baseConfigurationReference = 82ED1182B387CED3B8F44AE3 /* Pods-FilaFacil.debug.xcconfig */;
			buildSettings = {
				ASSETCATALOG_COMPILER_APPICON_NAME = AppIcon;
				CODE_SIGN_ENTITLEMENTS = FilaFacil/FilaFacil.entitlements;
				CODE_SIGN_STYLE = Automatic;
				DEVELOPMENT_TEAM = 987J4BXX78;
				INFOPLIST_FILE = FilaFacil/Info.plist;
				IPHONEOS_DEPLOYMENT_TARGET = 10.2;
				LD_RUNPATH_SEARCH_PATHS = "$(inherited) @executable_path/Frameworks";
				PRODUCT_BUNDLE_IDENTIFIER = com.LucasCB.FilaFacil;
				PRODUCT_NAME = "$(TARGET_NAME)";
				SWIFT_VERSION = 4.0;
				TARGETED_DEVICE_FAMILY = 1;
			};
			name = Debug;
		};
		E60229A9203FA29E00336FC3 /* Release */ = {
			isa = XCBuildConfiguration;
			baseConfigurationReference = EC17BD52135241410AEAA245 /* Pods-FilaFacil.release.xcconfig */;
			buildSettings = {
				ASSETCATALOG_COMPILER_APPICON_NAME = AppIcon;
				CODE_SIGN_ENTITLEMENTS = FilaFacil/FilaFacil.entitlements;
				CODE_SIGN_STYLE = Automatic;
				DEVELOPMENT_TEAM = 987J4BXX78;
				INFOPLIST_FILE = FilaFacil/Info.plist;
				IPHONEOS_DEPLOYMENT_TARGET = 10.2;
				LD_RUNPATH_SEARCH_PATHS = "$(inherited) @executable_path/Frameworks";
				PRODUCT_BUNDLE_IDENTIFIER = com.LucasCB.FilaFacil;
				PRODUCT_NAME = "$(TARGET_NAME)";
				SWIFT_VERSION = 4.0;
				TARGETED_DEVICE_FAMILY = 1;
			};
			name = Release;
		};
		E6D7FB20205314B600EEC89D /* Debug */ = {
			isa = XCBuildConfiguration;
			buildSettings = {
				CODE_SIGN_STYLE = Automatic;
				DEVELOPMENT_TEAM = 987J4BXX78;
				INFOPLIST_FILE = FilaFacilUITests/Info.plist;
				LD_RUNPATH_SEARCH_PATHS = "$(inherited) @executable_path/Frameworks @loader_path/Frameworks";
				PRODUCT_BUNDLE_IDENTIFIER = com.LucasCB.FilaFacilUITests;
				PRODUCT_NAME = "$(TARGET_NAME)";
				SWIFT_VERSION = 4.0;
				TARGETED_DEVICE_FAMILY = "1,2";
				TEST_TARGET_NAME = FilaFacil;
			};
			name = Debug;
		};
		E6D7FB21205314B600EEC89D /* Release */ = {
			isa = XCBuildConfiguration;
			buildSettings = {
				CODE_SIGN_STYLE = Automatic;
				DEVELOPMENT_TEAM = 987J4BXX78;
				INFOPLIST_FILE = FilaFacilUITests/Info.plist;
				LD_RUNPATH_SEARCH_PATHS = "$(inherited) @executable_path/Frameworks @loader_path/Frameworks";
				PRODUCT_BUNDLE_IDENTIFIER = com.LucasCB.FilaFacilUITests;
				PRODUCT_NAME = "$(TARGET_NAME)";
				SWIFT_VERSION = 4.0;
				TARGETED_DEVICE_FAMILY = "1,2";
				TEST_TARGET_NAME = FilaFacil;
			};
			name = Release;
		};
/* End XCBuildConfiguration section */

/* Begin XCConfigurationList section */
		DEDF0FCF20AE20470064A247 /* Build configuration list for PBXNativeTarget "FilaFacilTV" */ = {
			isa = XCConfigurationList;
			buildConfigurations = (
				DEDF0FCD20AE20470064A247 /* Debug */,
				DEDF0FCE20AE20470064A247 /* Release */,
			);
			defaultConfigurationIsVisible = 0;
			defaultConfigurationName = Release;
		};
		E6022990203FA29E00336FC3 /* Build configuration list for PBXProject "FilaFacil" */ = {
			isa = XCConfigurationList;
			buildConfigurations = (
				E60229A5203FA29E00336FC3 /* Debug */,
				E60229A6203FA29E00336FC3 /* Release */,
			);
			defaultConfigurationIsVisible = 0;
			defaultConfigurationName = Release;
		};
		E60229A7203FA29E00336FC3 /* Build configuration list for PBXNativeTarget "FilaFacil" */ = {
			isa = XCConfigurationList;
			buildConfigurations = (
				E60229A8203FA29E00336FC3 /* Debug */,
				E60229A9203FA29E00336FC3 /* Release */,
			);
			defaultConfigurationIsVisible = 0;
			defaultConfigurationName = Release;
		};
		E6D7FB22205314B600EEC89D /* Build configuration list for PBXNativeTarget "FilaFacilUITests" */ = {
			isa = XCConfigurationList;
			buildConfigurations = (
				E6D7FB20205314B600EEC89D /* Debug */,
				E6D7FB21205314B600EEC89D /* Release */,
			);
			defaultConfigurationIsVisible = 0;
			defaultConfigurationName = Release;
		};
/* End XCConfigurationList section */

/* Begin XCVersionGroup section */
		DEDF0FC420AE20470064A247 /* FilaFacilTV.xcdatamodeld */ = {
			isa = XCVersionGroup;
			children = (
				DEDF0FC520AE20470064A247 /* FilaFacilTV.xcdatamodel */,
			);
			currentVersion = DEDF0FC520AE20470064A247 /* FilaFacilTV.xcdatamodel */;
			path = FilaFacilTV.xcdatamodeld;
			sourceTree = "<group>";
			versionGroupType = wrapper.xcdatamodel;
		};
/* End XCVersionGroup section */
	};
	rootObject = E602298D203FA29E00336FC3 /* Project object */;
}
