PODS:
  - IQKeyboardManagerSwift (6.0.4)
  - Kingfisher (4.8.0)
  - SwiftLint (0.25.1)
  - SwiftyJSON (4.1.0)

DEPENDENCIES:
  - IQKeyboardManagerSwift
  - Kingfisher (~> 4.0)
  - SwiftLint
  - SwiftyJSON (~> 4.0)

SPEC REPOS:
  https://github.com/cocoapods/specs.git:
    - IQKeyboardManagerSwift
    - Kingfisher
    - SwiftLint
    - SwiftyJSON

SPEC CHECKSUMS:
  IQKeyboardManagerSwift: 36dbe324b4f9793f5f41ba5227f3e7c76dfefd50
  Kingfisher: 976d828df2b24834c6a3f2fc4d82cdbd26552be1
  SwiftLint: ce933681be10c3266e82576dad676fa815a602e9
  SwiftyJSON: c29297daf073d2aa016295d5809cdd68045c39b3

PODFILE CHECKSUM: d14a182691b64b72b27405d3a1a97b233344481e

COCOAPODS: 1.5.3
